{
    "version": 3,
    "terraform_version": "0.9.6",
    "serial": 29,
    "lineage": "2d014e93-4772-4366-92cc-9ed0331beb48",
    "modules": [
        {
            "path": [
                "root"
            ],
            "outputs": {
                "ansible ip": {
                    "sensitive": false,
                    "type": "string",
                    "value": "52.23.243.253"
                },
                "web ip": {
                    "sensitive": false,
                    "type": "string",
                    "value": "34.229.117.31"
                }
            },
            "resources": {
                "aws_instance.ansible": {
                    "type": "aws_instance",
                    "depends_on": [
                        "aws_security_group.terraform",
                        "aws_subnet.terraform"
                    ],
                    "primary": {
                        "id": "i-0925234370e669167",
                        "attributes": {
                            "ami": "ami-f4cc1de2",
                            "associate_public_ip_address": "true",
                            "availability_zone": "us-east-1d",
                            "disable_api_termination": "false",
                            "ebs_block_device.#": "0",
                            "ebs_optimized": "false",
                            "ephemeral_block_device.#": "0",
                            "iam_instance_profile": "",
                            "id": "i-0925234370e669167",
                            "instance_state": "running",
                            "instance_type": "t2.micro",
                            "ipv6_addresses.#": "0",
                            "key_name": "key",
                            "monitoring": "false",
                            "network_interface.#": "0",
                            "network_interface_id": "eni-66c67ab0",
                            "primary_network_interface_id": "eni-66c67ab0",
                            "private_dns": "ip-10-0-0-10.ec2.internal",
                            "private_ip": "10.0.0.10",
                            "public_dns": "ec2-52-23-243-253.compute-1.amazonaws.com",
                            "public_ip": "52.23.243.253",
                            "root_block_device.#": "1",
                            "root_block_device.0.delete_on_termination": "true",
                            "root_block_device.0.iops": "100",
                            "root_block_device.0.volume_size": "8",
                            "root_block_device.0.volume_type": "gp2",
                            "security_groups.#": "0",
                            "source_dest_check": "true",
                            "subnet_id": "subnet-5d11a007",
                            "tags.%": "0",
                            "tenancy": "default",
                            "volume_tags.%": "0",
                            "vpc_security_group_ids.#": "1",
                            "vpc_security_group_ids.4048993318": "sg-c963d7b8"
                        },
                        "meta": {
                            "e2bfb730-ecaa-11e6-8f88-34363bc7c4c0": {
                                "create": 600000000000,
                                "delete": 600000000000,
                                "update": 600000000000
                            },
                            "schema_version": "1"
                        },
                        "tainted": false
                    },
                    "deposed": [],
                    "provider": ""
                },
                "aws_instance.web": {
                    "type": "aws_instance",
                    "depends_on": [
                        "aws_route_table.terraform",
                        "aws_security_group.terraform",
                        "aws_subnet.terraform"
                    ],
                    "primary": {
                        "id": "i-0bc2926ff1f7e26f8",
                        "attributes": {
                            "ami": "ami-f4cc1de2",
                            "associate_public_ip_address": "true",
                            "availability_zone": "us-east-1d",
                            "disable_api_termination": "false",
                            "ebs_block_device.#": "0",
                            "ebs_optimized": "false",
                            "ephemeral_block_device.#": "0",
                            "iam_instance_profile": "",
                            "id": "i-0bc2926ff1f7e26f8",
                            "instance_state": "running",
                            "instance_type": "t2.micro",
                            "ipv6_addresses.#": "0",
                            "key_name": "key",
                            "monitoring": "false",
                            "network_interface.#": "0",
                            "network_interface_id": "eni-c8c07c1e",
                            "primary_network_interface_id": "eni-c8c07c1e",
                            "private_dns": "ip-10-0-0-16.ec2.internal",
                            "private_ip": "10.0.0.16",
                            "public_dns": "ec2-34-229-117-31.compute-1.amazonaws.com",
                            "public_ip": "34.229.117.31",
                            "root_block_device.#": "1",
                            "root_block_device.0.delete_on_termination": "true",
                            "root_block_device.0.iops": "100",
                            "root_block_device.0.volume_size": "8",
                            "root_block_device.0.volume_type": "gp2",
                            "security_groups.#": "0",
                            "source_dest_check": "true",
                            "subnet_id": "subnet-5d11a007",
                            "tags.%": "0",
                            "tenancy": "default",
                            "volume_tags.%": "0",
                            "vpc_security_group_ids.#": "1",
                            "vpc_security_group_ids.4048993318": "sg-c963d7b8"
                        },
                        "meta": {
                            "e2bfb730-ecaa-11e6-8f88-34363bc7c4c0": {
                                "create": 600000000000,
                                "delete": 600000000000,
                                "update": 600000000000
                            },
                            "schema_version": "1"
                        },
                        "tainted": false
                    },
                    "deposed": [],
                    "provider": ""
                },
                "aws_internet_gateway.terraform": {
                    "type": "aws_internet_gateway",
                    "depends_on": [
                        "aws_vpc.terraform"
                    ],
                    "primary": {
                        "id": "igw-7b5b301d",
                        "attributes": {
                            "id": "igw-7b5b301d",
                            "vpc_id": "vpc-6e67df17"
                        },
                        "meta": {},
                        "tainted": false
                    },
                    "deposed": [],
                    "provider": ""
                },
                "aws_key_pair.terraform": {
                    "type": "aws_key_pair",
                    "depends_on": [],
                    "primary": {
                        "id": "key",
                        "attributes": {
                            "id": "key",
                            "key_name": "key",
                            "public_key": "ssh-rsa AAAAB3NzaC1yc2EAAAADAQABAAABAQC/Owd1mxio0N+z8T3EUXZzkYtxIYm6iWSpPk7B67yD5JlnaAAlVSeXzWiYUtkawYUx1JKMQapkhTlBzZYB079qKbYG0Dk7x3yFwtnWUR4iSYcw5o8QknLy2F+Rc8qV/lhVHnD8sy9jKJoozLy1Jzrm0YabsKvJQB4TFAID63knlGUuhzeVKaKKk6YQb93+UKOXqmUrVa0x6DIbKmZ+WrH9y+ubUrhG9T//uub1OTILOSbElyMsh5AL/gSZkktuVIlq2eI6Cvva9r9UqycXnjtSzioZty1VdFk54Ag0Ijpgw0kK1dNuWOQaM/lzKySjodLJAHG4uwvVHvmgAPJDSC/5 abemelvin@MacBook-Pro.local"
                        },
                        "meta": {
                            "schema_version": "1"
                        },
                        "tainted": false
                    },
                    "deposed": [],
                    "provider": ""
                },
                "aws_route53_record.web": {
                    "type": "aws_route53_record",
                    "depends_on": [
                        "aws_instance.web",
                        "aws_route53_zone.terraform"
                    ],
                    "primary": {
                        "id": "Z2BO1H6OJSN3EK_web.fazio.com_A",
                        "attributes": {
                            "fqdn": "web.fazio.com",
                            "health_check_id": "",
                            "id": "Z2BO1H6OJSN3EK_web.fazio.com_A",
                            "name": "web.fazio.com",
                            "records.#": "1",
                            "records.1956136491": "10.0.0.16",
                            "set_identifier": "",
                            "ttl": "300",
                            "type": "A",
                            "zone_id": "Z2BO1H6OJSN3EK"
                        },
                        "meta": {
                            "schema_version": "2"
                        },
                        "tainted": false
                    },
                    "deposed": [],
                    "provider": ""
                },
                "aws_route53_zone.terraform": {
                    "type": "aws_route53_zone",
                    "depends_on": [
                        "aws_vpc.terraform"
                    ],
                    "primary": {
                        "id": "Z2BO1H6OJSN3EK",
                        "attributes": {
                            "comment": "Managed by Terraform",
                            "force_destroy": "false",
                            "id": "Z2BO1H6OJSN3EK",
                            "name": "fazio.com",
                            "name_servers.#": "4",
                            "name_servers.0": "ns-0.awsdns-00.com.",
                            "name_servers.1": "ns-1024.awsdns-00.org.",
                            "name_servers.2": "ns-1536.awsdns-00.co.uk.",
                            "name_servers.3": "ns-512.awsdns-00.net.",
                            "tags.%": "0",
                            "vpc_id": "vpc-6e67df17",
                            "vpc_region": "us-east-1",
                            "zone_id": "Z2BO1H6OJSN3EK"
                        },
                        "meta": {},
                        "tainted": false
                    },
                    "deposed": [],
                    "provider": ""
                },
                "aws_route_table.terraform": {
                    "type": "aws_route_table",
                    "depends_on": [
                        "aws_internet_gateway.terraform",
                        "aws_vpc.terraform"
                    ],
                    "primary": {
                        "id": "rtb-dd4202a5",
                        "attributes": {
                            "id": "rtb-dd4202a5",
                            "propagating_vgws.#": "0",
                            "route.#": "1",
                            "route.637274554.cidr_block": "0.0.0.0/0",
                            "route.637274554.egress_only_gateway_id": "",
                            "route.637274554.gateway_id": "igw-7b5b301d",
                            "route.637274554.instance_id": "",
                            "route.637274554.ipv6_cidr_block": "",
                            "route.637274554.nat_gateway_id": "",
                            "route.637274554.network_interface_id": "",
                            "route.637274554.vpc_peering_connection_id": "",
                            "tags.%": "0",
                            "vpc_id": "vpc-6e67df17"
                        },
                        "meta": {},
                        "tainted": false
                    },
                    "deposed": [],
                    "provider": ""
                },
                "aws_route_table_association.terraform": {
                    "type": "aws_route_table_association",
                    "depends_on": [
                        "aws_route_table.terraform",
                        "aws_subnet.terraform"
                    ],
                    "primary": {
                        "id": "rtbassoc-33be9448",
                        "attributes": {
                            "id": "rtbassoc-33be9448",
                            "route_table_id": "rtb-dd4202a5",
                            "subnet_id": "subnet-5d11a007"
                        },
                        "meta": {},
                        "tainted": false
                    },
                    "deposed": [],
                    "provider": ""
                },
                "aws_security_group.terraform": {
                    "type": "aws_security_group",
                    "depends_on": [
                        "aws_vpc.terraform"
                    ],
                    "primary": {
                        "id": "sg-c963d7b8",
                        "attributes": {
                            "description": "allow all traffic",
                            "egress.#": "1",
                            "egress.482069346.cidr_blocks.#": "1",
                            "egress.482069346.cidr_blocks.0": "0.0.0.0/0",
                            "egress.482069346.from_port": "0",
                            "egress.482069346.ipv6_cidr_blocks.#": "0",
                            "egress.482069346.prefix_list_ids.#": "0",
                            "egress.482069346.protocol": "-1",
                            "egress.482069346.security_groups.#": "0",
                            "egress.482069346.self": "false",
                            "egress.482069346.to_port": "0",
                            "id": "sg-c963d7b8",
                            "ingress.#": "4",
                            "ingress.1152203895.cidr_blocks.#": "1",
                            "ingress.1152203895.cidr_blocks.0": "10.0.0.0/24",
                            "ingress.1152203895.from_port": "0",
                            "ingress.1152203895.ipv6_cidr_blocks.#": "0",
                            "ingress.1152203895.protocol": "-1",
                            "ingress.1152203895.security_groups.#": "0",
                            "ingress.1152203895.self": "false",
                            "ingress.1152203895.to_port": "0",
                            "ingress.2214680975.cidr_blocks.#": "1",
                            "ingress.2214680975.cidr_blocks.0": "0.0.0.0/0",
                            "ingress.2214680975.from_port": "80",
                            "ingress.2214680975.ipv6_cidr_blocks.#": "0",
                            "ingress.2214680975.protocol": "tcp",
                            "ingress.2214680975.security_groups.#": "0",
                            "ingress.2214680975.self": "false",
                            "ingress.2214680975.to_port": "80",
                            "ingress.2541437006.cidr_blocks.#": "1",
                            "ingress.2541437006.cidr_blocks.0": "0.0.0.0/0",
                            "ingress.2541437006.from_port": "22",
                            "ingress.2541437006.ipv6_cidr_blocks.#": "0",
                            "ingress.2541437006.protocol": "tcp",
                            "ingress.2541437006.security_groups.#": "0",
                            "ingress.2541437006.self": "false",
                            "ingress.2541437006.to_port": "22",
                            "ingress.2617001939.cidr_blocks.#": "1",
                            "ingress.2617001939.cidr_blocks.0": "0.0.0.0/0",
                            "ingress.2617001939.from_port": "443",
                            "ingress.2617001939.ipv6_cidr_blocks.#": "0",
                            "ingress.2617001939.protocol": "tcp",
                            "ingress.2617001939.security_groups.#": "0",
                            "ingress.2617001939.self": "false",
                            "ingress.2617001939.to_port": "443",
                            "name": "terraform",
                            "owner_id": "343713926005",
                            "tags.%": "0",
                            "vpc_id": "vpc-6e67df17"
                        },
                        "meta": {},
                        "tainted": false
                    },
                    "deposed": [],
                    "provider": ""
                },
                "aws_subnet.terraform": {
                    "type": "aws_subnet",
                    "depends_on": [
                        "aws_vpc.terraform"
                    ],
                    "primary": {
                        "id": "subnet-5d11a007",
                        "attributes": {
                            "assign_ipv6_address_on_creation": "false",
                            "availability_zone": "us-east-1d",
                            "cidr_block": "10.0.0.0/24",
                            "id": "subnet-5d11a007",
                            "map_public_ip_on_launch": "false",
                            "tags.%": "0",
                            "vpc_id": "vpc-6e67df17"
                        },
                        "meta": {
                            "schema_version": "1"
                        },
                        "tainted": false
                    },
                    "deposed": [],
                    "provider": ""
                },
                "aws_vpc.terraform": {
                    "type": "aws_vpc",
                    "depends_on": [],
                    "primary": {
                        "id": "vpc-6e67df17",
                        "attributes": {
                            "assign_generated_ipv6_cidr_block": "false",
                            "cidr_block": "10.0.0.0/16",
                            "default_network_acl_id": "acl-c25776bb",
                            "default_route_table_id": "rtb-3745054f",
                            "default_security_group_id": "sg-5562d624",
                            "dhcp_options_id": "dopt-84abdce3",
                            "enable_classiclink": "false",
                            "enable_dns_hostnames": "true",
                            "enable_dns_support": "true",
                            "id": "vpc-6e67df17",
                            "instance_tenancy": "default",
                            "main_route_table_id": "rtb-3745054f",
                            "tags.%": "0"
                        },
                        "meta": {
                            "schema_version": "1"
                        },
                        "tainted": false
                    },
                    "deposed": [],
                    "provider": ""
                }
            },
            "depends_on": []
        }
    ]
}
