{
    "version": 3,
    "terraform_version": "0.9.6",
    "serial": 222,
    "lineage": "53c0f3eb-5080-4b3f-9a92-91f40039b908",
    "modules": [
        {
            "path": [
                "root"
            ],
            "outputs": {
                "ansible ip": {
                    "sensitive": false,
                    "type": "string",
                    "value": "54.210.78.200"
                },
                "contractor ip": {
                    "sensitive": false,
                    "type": "string",
                    "value": "54.165.156.186"
                },
                "elk ip": {
                    "sensitive": false,
                    "type": "string",
                    "value": "184.73.138.111"
                },
                "mail ip": {
                    "sensitive": false,
                    "type": "string",
                    "value": "54.146.220.203"
                },
                "webapp ip": {
                    "sensitive": false,
                    "type": "string",
                    "value": "54.161.78.68"
                }
            },
            "resources": {
                "aws_instance.ansible": {
                    "type": "aws_instance",
                    "depends_on": [
                        "aws_instance.contractor",
                        "aws_instance.elk",
                        "aws_instance.mail",
                        "aws_instance.webapp",
                        "aws_security_group.terraform",
                        "aws_subnet.terraform"
                    ],
                    "primary": {
                        "id": "i-0a8435eef5ee9b05c",
                        "attributes": {
                            "ami": "ami-f4cc1de2",
                            "associate_public_ip_address": "true",
                            "availability_zone": "us-east-1b",
                            "disable_api_termination": "false",
                            "ebs_block_device.#": "0",
                            "ebs_optimized": "false",
                            "ephemeral_block_device.#": "0",
                            "iam_instance_profile": "",
                            "id": "i-0a8435eef5ee9b05c",
                            "instance_state": "running",
                            "instance_type": "t2.medium",
                            "ipv6_addresses.#": "0",
                            "key_name": "key",
                            "monitoring": "false",
                            "network_interface.#": "0",
                            "network_interface_id": "eni-958b595d",
                            "primary_network_interface_id": "eni-958b595d",
                            "private_dns": "ip-10-0-0-10.ec2.internal",
                            "private_ip": "10.0.0.10",
                            "public_dns": "ec2-54-210-78-200.compute-1.amazonaws.com",
                            "public_ip": "54.210.78.200",
                            "root_block_device.#": "1",
                            "root_block_device.0.delete_on_termination": "true",
                            "root_block_device.0.iops": "100",
                            "root_block_device.0.volume_size": "8",
                            "root_block_device.0.volume_type": "gp2",
                            "security_groups.#": "0",
                            "source_dest_check": "true",
                            "subnet_id": "subnet-6a21f946",
                            "tags.%": "0",
                            "tenancy": "default",
                            "volume_tags.%": "0",
                            "vpc_security_group_ids.#": "1",
                            "vpc_security_group_ids.3085560896": "sg-f9102b87"
                        },
                        "meta": {
                            "e2bfb730-ecaa-11e6-8f88-34363bc7c4c0": {
                                "create": 600000000000,
                                "delete": 600000000000,
                                "update": 600000000000
                            },
                            "schema_version": "1"
                        },
                        "tainted": true
                    },
                    "deposed": [],
                    "provider": ""
                },
                "aws_instance.contractor": {
                    "type": "aws_instance",
                    "depends_on": [
                        "aws_route_table.terraform",
                        "aws_security_group.terraform",
                        "aws_subnet.terraform"
                    ],
                    "primary": {
                        "id": "i-02561db72a21fc5fe",
                        "attributes": {
                            "ami": "ami-f4cc1de2",
                            "associate_public_ip_address": "true",
                            "availability_zone": "us-east-1b",
                            "disable_api_termination": "false",
                            "ebs_block_device.#": "0",
                            "ebs_optimized": "false",
                            "ephemeral_block_device.#": "0",
                            "iam_instance_profile": "",
                            "id": "i-02561db72a21fc5fe",
                            "instance_state": "running",
                            "instance_type": "t2.medium",
                            "ipv6_addresses.#": "0",
                            "key_name": "key",
                            "monitoring": "false",
                            "network_interface.#": "0",
                            "network_interface_id": "eni-f487553c",
                            "primary_network_interface_id": "eni-f487553c",
                            "private_dns": "ip-10-0-0-12.ec2.internal",
                            "private_ip": "10.0.0.12",
                            "public_dns": "ec2-54-165-156-186.compute-1.amazonaws.com",
                            "public_ip": "54.165.156.186",
                            "root_block_device.#": "1",
                            "root_block_device.0.delete_on_termination": "true",
                            "root_block_device.0.iops": "100",
                            "root_block_device.0.volume_size": "8",
                            "root_block_device.0.volume_type": "gp2",
                            "security_groups.#": "0",
                            "source_dest_check": "true",
                            "subnet_id": "subnet-6a21f946",
                            "tags.%": "0",
                            "tenancy": "default",
                            "volume_tags.%": "0",
                            "vpc_security_group_ids.#": "1",
                            "vpc_security_group_ids.3085560896": "sg-f9102b87"
                        },
                        "meta": {
                            "e2bfb730-ecaa-11e6-8f88-34363bc7c4c0": {
                                "create": 600000000000,
                                "delete": 600000000000,
                                "update": 600000000000
                            },
                            "schema_version": "1"
                        },
                        "tainted": false
                    },
                    "deposed": [],
                    "provider": ""
                },
                "aws_instance.elk": {
                    "type": "aws_instance",
                    "depends_on": [
                        "aws_route_table.terraform",
                        "aws_security_group.terraform",
                        "aws_subnet.terraform"
                    ],
                    "primary": {
                        "id": "i-048185914bd9860dd",
                        "attributes": {
                            "ami": "ami-f4cc1de2",
                            "associate_public_ip_address": "true",
                            "availability_zone": "us-east-1b",
                            "disable_api_termination": "false",
                            "ebs_block_device.#": "0",
                            "ebs_optimized": "false",
                            "ephemeral_block_device.#": "0",
                            "iam_instance_profile": "",
                            "id": "i-048185914bd9860dd",
                            "instance_state": "running",
                            "instance_type": "t2.xlarge",
                            "ipv6_addresses.#": "0",
                            "key_name": "key",
                            "monitoring": "false",
                            "network_interface.#": "0",
                            "network_interface_id": "eni-82895b4a",
                            "primary_network_interface_id": "eni-82895b4a",
                            "private_dns": "ip-10-0-0-11.ec2.internal",
                            "private_ip": "10.0.0.11",
                            "public_dns": "ec2-184-73-138-111.compute-1.amazonaws.com",
                            "public_ip": "184.73.138.111",
                            "root_block_device.#": "1",
                            "root_block_device.0.delete_on_termination": "true",
                            "root_block_device.0.iops": "100",
                            "root_block_device.0.volume_size": "8",
                            "root_block_device.0.volume_type": "gp2",
                            "security_groups.#": "0",
                            "source_dest_check": "true",
                            "subnet_id": "subnet-6a21f946",
                            "tags.%": "0",
                            "tenancy": "default",
                            "volume_tags.%": "0",
                            "vpc_security_group_ids.#": "1",
                            "vpc_security_group_ids.3085560896": "sg-f9102b87"
                        },
                        "meta": {
                            "e2bfb730-ecaa-11e6-8f88-34363bc7c4c0": {
                                "create": 600000000000,
                                "delete": 600000000000,
                                "update": 600000000000
                            },
                            "schema_version": "1"
                        },
                        "tainted": false
                    },
                    "deposed": [],
                    "provider": ""
                },
                "aws_instance.mail": {
                    "type": "aws_instance",
                    "depends_on": [
                        "aws_route_table.terraform",
                        "aws_security_group.terraform",
                        "aws_subnet.terraform"
                    ],
                    "primary": {
                        "id": "i-0ab789ad2c8b66813",
                        "attributes": {
                            "ami": "ami-f4cc1de2",
                            "associate_public_ip_address": "true",
                            "availability_zone": "us-east-1b",
                            "disable_api_termination": "false",
                            "ebs_block_device.#": "0",
                            "ebs_optimized": "false",
                            "ephemeral_block_device.#": "0",
                            "iam_instance_profile": "",
                            "id": "i-0ab789ad2c8b66813",
                            "instance_state": "running",
                            "instance_type": "t2.medium",
                            "ipv6_addresses.#": "0",
                            "key_name": "key",
                            "monitoring": "false",
                            "network_interface.#": "0",
                            "network_interface_id": "eni-608b59a8",
                            "primary_network_interface_id": "eni-608b59a8",
                            "private_dns": "ip-10-0-0-14.ec2.internal",
                            "private_ip": "10.0.0.14",
                            "public_dns": "ec2-54-146-220-203.compute-1.amazonaws.com",
                            "public_ip": "54.146.220.203",
                            "root_block_device.#": "1",
                            "root_block_device.0.delete_on_termination": "true",
                            "root_block_device.0.iops": "100",
                            "root_block_device.0.volume_size": "8",
                            "root_block_device.0.volume_type": "gp2",
                            "security_groups.#": "0",
                            "source_dest_check": "true",
                            "subnet_id": "subnet-6a21f946",
                            "tags.%": "0",
                            "tenancy": "default",
                            "volume_tags.%": "0",
                            "vpc_security_group_ids.#": "1",
                            "vpc_security_group_ids.3085560896": "sg-f9102b87"
                        },
                        "meta": {
                            "e2bfb730-ecaa-11e6-8f88-34363bc7c4c0": {
                                "create": 600000000000,
                                "delete": 600000000000,
                                "update": 600000000000
                            },
                            "schema_version": "1"
                        },
                        "tainted": false
                    },
                    "deposed": [],
                    "provider": ""
                },
                "aws_instance.webapp": {
                    "type": "aws_instance",
                    "depends_on": [
                        "aws_route_table.terraform",
                        "aws_security_group.terraform",
                        "aws_subnet.terraform"
                    ],
                    "primary": {
                        "id": "i-0a7d5872a2c1c808e",
                        "attributes": {
                            "ami": "ami-f4cc1de2",
                            "associate_public_ip_address": "true",
                            "availability_zone": "us-east-1b",
                            "disable_api_termination": "false",
                            "ebs_block_device.#": "0",
                            "ebs_optimized": "false",
                            "ephemeral_block_device.#": "0",
                            "iam_instance_profile": "",
                            "id": "i-0a7d5872a2c1c808e",
                            "instance_state": "running",
                            "instance_type": "t2.medium",
                            "ipv6_addresses.#": "0",
                            "key_name": "key",
                            "monitoring": "false",
                            "network_interface.#": "0",
                            "network_interface_id": "eni-d78a581f",
                            "primary_network_interface_id": "eni-d78a581f",
                            "private_dns": "ip-10-0-0-15.ec2.internal",
                            "private_ip": "10.0.0.15",
                            "public_dns": "ec2-54-161-78-68.compute-1.amazonaws.com",
                            "public_ip": "54.161.78.68",
                            "root_block_device.#": "1",
                            "root_block_device.0.delete_on_termination": "true",
                            "root_block_device.0.iops": "100",
                            "root_block_device.0.volume_size": "8",
                            "root_block_device.0.volume_type": "gp2",
                            "security_groups.#": "0",
                            "source_dest_check": "true",
                            "subnet_id": "subnet-6a21f946",
                            "tags.%": "0",
                            "tenancy": "default",
                            "volume_tags.%": "0",
                            "vpc_security_group_ids.#": "1",
                            "vpc_security_group_ids.3085560896": "sg-f9102b87"
                        },
                        "meta": {
                            "e2bfb730-ecaa-11e6-8f88-34363bc7c4c0": {
                                "create": 600000000000,
                                "delete": 600000000000,
                                "update": 600000000000
                            },
                            "schema_version": "1"
                        },
                        "tainted": false
                    },
                    "deposed": [],
                    "provider": ""
                },
                "aws_internet_gateway.terraform": {
                    "type": "aws_internet_gateway",
                    "depends_on": [
                        "aws_vpc.terraform"
                    ],
                    "primary": {
                        "id": "igw-bdb537db",
                        "attributes": {
                            "id": "igw-bdb537db",
                            "tags.%": "0",
                            "vpc_id": "vpc-1f61b766"
                        },
                        "meta": {},
                        "tainted": false
                    },
                    "deposed": [],
                    "provider": ""
                },
                "aws_key_pair.terraform": {
                    "type": "aws_key_pair",
                    "depends_on": [],
                    "primary": {
                        "id": "key",
                        "attributes": {
                            "fingerprint": "82:6b:00:f7:39:c5:af:77:fc:a5:e7:df:c4:7f:81:fb",
                            "id": "key",
                            "key_name": "key",
                            "public_key": "ssh-rsa AAAAB3NzaC1yc2EAAAADAQABAAABAQC/Owd1mxio0N+z8T3EUXZzkYtxIYm6iWSpPk7B67yD5JlnaAAlVSeXzWiYUtkawYUx1JKMQapkhTlBzZYB079qKbYG0Dk7x3yFwtnWUR4iSYcw5o8QknLy2F+Rc8qV/lhVHnD8sy9jKJoozLy1Jzrm0YabsKvJQB4TFAID63knlGUuhzeVKaKKk6YQb93+UKOXqmUrVa0x6DIbKmZ+WrH9y+ubUrhG9T//uub1OTILOSbElyMsh5AL/gSZkktuVIlq2eI6Cvva9r9UqycXnjtSzioZty1VdFk54Ag0Ijpgw0kK1dNuWOQaM/lzKySjodLJAHG4uwvVHvmgAPJDSC/5 abemelvin@MacBook-Pro.local"
                        },
                        "meta": {
                            "schema_version": "1"
                        },
                        "tainted": false
                    },
                    "deposed": [],
                    "provider": ""
                },
                "aws_route53_record.contractor": {
                    "type": "aws_route53_record",
                    "depends_on": [
                        "aws_instance.contractor",
                        "aws_route53_zone.terraform"
                    ],
                    "primary": {
                        "id": "Z36N7LQ2AIQ3S4_contractor.fazio.com_A",
                        "attributes": {
                            "fqdn": "contractor.fazio.com",
                            "health_check_id": "",
                            "id": "Z36N7LQ2AIQ3S4_contractor.fazio.com_A",
                            "name": "contractor.fazio.com",
                            "records.#": "1",
                            "records.1945469490": "10.0.0.12",
                            "set_identifier": "",
                            "ttl": "300",
                            "type": "A",
                            "zone_id": "Z36N7LQ2AIQ3S4"
                        },
                        "meta": {
                            "schema_version": "2"
                        },
                        "tainted": false
                    },
                    "deposed": [],
                    "provider": ""
                },
                "aws_route53_record.mail": {
                    "type": "aws_route53_record",
                    "depends_on": [
                        "aws_instance.mail",
                        "aws_route53_zone.terraform"
                    ],
                    "primary": {
                        "id": "Z36N7LQ2AIQ3S4_mail.fazio.com_A",
                        "attributes": {
                            "fqdn": "mail.fazio.com",
                            "health_check_id": "",
                            "id": "Z36N7LQ2AIQ3S4_mail.fazio.com_A",
                            "name": "mail.fazio.com",
                            "records.#": "1",
                            "records.2593531655": "10.0.0.14",
                            "set_identifier": "",
                            "ttl": "300",
                            "type": "A",
                            "zone_id": "Z36N7LQ2AIQ3S4"
                        },
                        "meta": {
                            "schema_version": "2"
                        },
                        "tainted": false
                    },
                    "deposed": [],
                    "provider": ""
                },
                "aws_route53_record.webapp": {
                    "type": "aws_route53_record",
                    "depends_on": [
                        "aws_instance.webapp",
                        "aws_route53_zone.terraform"
                    ],
                    "primary": {
                        "id": "Z36N7LQ2AIQ3S4_webapp.fazio.com_A",
                        "attributes": {
                            "fqdn": "webapp.fazio.com",
                            "health_check_id": "",
                            "id": "Z36N7LQ2AIQ3S4_webapp.fazio.com_A",
                            "name": "webapp.fazio.com",
                            "records.#": "1",
                            "records.3985708945": "10.0.0.15",
                            "set_identifier": "",
                            "ttl": "300",
                            "type": "A",
                            "zone_id": "Z36N7LQ2AIQ3S4"
                        },
                        "meta": {
                            "schema_version": "2"
                        },
                        "tainted": false
                    },
                    "deposed": [],
                    "provider": ""
                },
                "aws_route53_zone.terraform": {
                    "type": "aws_route53_zone",
                    "depends_on": [
                        "aws_vpc.terraform"
                    ],
                    "primary": {
                        "id": "Z36N7LQ2AIQ3S4",
                        "attributes": {
                            "comment": "Managed by Terraform",
                            "force_destroy": "false",
                            "id": "Z36N7LQ2AIQ3S4",
                            "name": "fazio.com",
                            "name_servers.#": "4",
                            "name_servers.0": "ns-0.awsdns-00.com.",
                            "name_servers.1": "ns-1024.awsdns-00.org.",
                            "name_servers.2": "ns-1536.awsdns-00.co.uk.",
                            "name_servers.3": "ns-512.awsdns-00.net.",
                            "tags.%": "0",
                            "vpc_id": "vpc-1f61b766",
                            "vpc_region": "us-east-1",
                            "zone_id": "Z36N7LQ2AIQ3S4"
                        },
                        "meta": {},
                        "tainted": false
                    },
                    "deposed": [],
                    "provider": ""
                },
                "aws_route_table.terraform": {
                    "type": "aws_route_table",
                    "depends_on": [
                        "aws_internet_gateway.terraform",
                        "aws_vpc.terraform"
                    ],
                    "primary": {
                        "id": "rtb-7a24b002",
                        "attributes": {
                            "id": "rtb-7a24b002",
                            "propagating_vgws.#": "0",
                            "route.#": "1",
                            "route.631287266.cidr_block": "0.0.0.0/0",
                            "route.631287266.egress_only_gateway_id": "",
                            "route.631287266.gateway_id": "igw-bdb537db",
                            "route.631287266.instance_id": "",
                            "route.631287266.ipv6_cidr_block": "",
                            "route.631287266.nat_gateway_id": "",
                            "route.631287266.network_interface_id": "",
                            "route.631287266.vpc_peering_connection_id": "",
                            "tags.%": "0",
                            "vpc_id": "vpc-1f61b766"
                        },
                        "meta": {},
                        "tainted": false
                    },
                    "deposed": [],
                    "provider": ""
                },
                "aws_route_table_association.terraform": {
                    "type": "aws_route_table_association",
                    "depends_on": [
                        "aws_route_table.terraform",
                        "aws_subnet.terraform"
                    ],
                    "primary": {
                        "id": "rtbassoc-ca2255b1",
                        "attributes": {
                            "id": "rtbassoc-ca2255b1",
                            "route_table_id": "rtb-7a24b002",
                            "subnet_id": "subnet-6a21f946"
                        },
                        "meta": {},
                        "tainted": false
                    },
                    "deposed": [],
                    "provider": ""
                },
                "aws_security_group.terraform": {
                    "type": "aws_security_group",
                    "depends_on": [
                        "aws_vpc.terraform"
                    ],
                    "primary": {
                        "id": "sg-f9102b87",
                        "attributes": {
                            "description": "allow all traffic",
                            "egress.#": "1",
                            "egress.482069346.cidr_blocks.#": "1",
                            "egress.482069346.cidr_blocks.0": "0.0.0.0/0",
                            "egress.482069346.from_port": "0",
                            "egress.482069346.ipv6_cidr_blocks.#": "0",
                            "egress.482069346.prefix_list_ids.#": "0",
                            "egress.482069346.protocol": "-1",
                            "egress.482069346.security_groups.#": "0",
                            "egress.482069346.self": "false",
                            "egress.482069346.to_port": "0",
                            "id": "sg-f9102b87",
                            "ingress.#": "1",
                            "ingress.482069346.cidr_blocks.#": "1",
                            "ingress.482069346.cidr_blocks.0": "0.0.0.0/0",
                            "ingress.482069346.from_port": "0",
                            "ingress.482069346.ipv6_cidr_blocks.#": "0",
                            "ingress.482069346.protocol": "-1",
                            "ingress.482069346.security_groups.#": "0",
                            "ingress.482069346.self": "false",
                            "ingress.482069346.to_port": "0",
                            "name": "terraform",
                            "owner_id": "343713926005",
                            "tags.%": "0",
                            "vpc_id": "vpc-1f61b766"
                        },
                        "meta": {},
                        "tainted": false
                    },
                    "deposed": [],
                    "provider": ""
                },
                "aws_subnet.terraform": {
                    "type": "aws_subnet",
                    "depends_on": [
                        "aws_vpc.terraform"
                    ],
                    "primary": {
                        "id": "subnet-6a21f946",
                        "attributes": {
                            "assign_ipv6_address_on_creation": "false",
                            "availability_zone": "us-east-1b",
                            "cidr_block": "10.0.0.0/24",
                            "id": "subnet-6a21f946",
                            "map_public_ip_on_launch": "false",
                            "tags.%": "0",
                            "vpc_id": "vpc-1f61b766"
                        },
                        "meta": {
                            "schema_version": "1"
                        },
                        "tainted": false
                    },
                    "deposed": [],
                    "provider": ""
                },
                "aws_vpc.terraform": {
                    "type": "aws_vpc",
                    "depends_on": [],
                    "primary": {
                        "id": "vpc-1f61b766",
                        "attributes": {
                            "assign_generated_ipv6_cidr_block": "false",
                            "cidr_block": "10.0.0.0/16",
                            "default_network_acl_id": "acl-f3baca8a",
                            "default_route_table_id": "rtb-7924b001",
                            "default_security_group_id": "sg-e0172c9e",
                            "dhcp_options_id": "dopt-84abdce3",
                            "enable_classiclink": "false",
                            "enable_dns_hostnames": "true",
                            "enable_dns_support": "true",
                            "id": "vpc-1f61b766",
                            "instance_tenancy": "default",
                            "main_route_table_id": "rtb-7924b001",
                            "tags.%": "0"
                        },
                        "meta": {
                            "schema_version": "1"
                        },
                        "tainted": false
                    },
                    "deposed": [],
                    "provider": ""
                }
            },
            "depends_on": []
        }
    ]
}
