{
    "version": 3,
    "terraform_version": "0.9.8",
    "serial": 6,
    "lineage": "85020ae5-332d-40e0-9fb0-9bbee6170655",
    "modules": [
        {
            "path": [
                "root"
            ],
            "outputs": {
                "ansible ip": {
                    "sensitive": false,
                    "type": "string",
                    "value": "107.23.62.112"
                },
                "payments ip": {
                    "sensitive": false,
                    "type": "string",
                    "value": "54.208.241.79"
                }
            },
            "resources": {
                "aws_instance.ansible": {
                    "type": "aws_instance",
                    "depends_on": [
                        "aws_security_group.terraform",
                        "aws_subnet.terraform"
                    ],
                    "primary": {
                        "id": "i-0e692a59da2093681",
                        "attributes": {
                            "ami": "ami-f4cc1de2",
                            "associate_public_ip_address": "true",
                            "availability_zone": "us-east-1e",
                            "disable_api_termination": "false",
                            "ebs_block_device.#": "0",
                            "ebs_optimized": "false",
                            "ephemeral_block_device.#": "0",
                            "iam_instance_profile": "",
                            "id": "i-0e692a59da2093681",
                            "instance_state": "running",
                            "instance_type": "t2.micro",
                            "ipv6_addresses.#": "0",
                            "key_name": "key",
                            "monitoring": "false",
                            "network_interface.#": "0",
                            "network_interface_id": "eni-28026e29",
                            "primary_network_interface_id": "eni-28026e29",
                            "private_dns": "ip-10-0-0-10.ec2.internal",
                            "private_ip": "10.0.0.10",
                            "public_dns": "ec2-107-23-62-112.compute-1.amazonaws.com",
                            "public_ip": "107.23.62.112",
                            "root_block_device.#": "1",
                            "root_block_device.0.delete_on_termination": "true",
                            "root_block_device.0.iops": "100",
                            "root_block_device.0.volume_size": "8",
                            "root_block_device.0.volume_type": "gp2",
                            "security_groups.#": "0",
                            "source_dest_check": "true",
                            "subnet_id": "subnet-a36e5f9f",
                            "tags.%": "0",
                            "tenancy": "default",
                            "volume_tags.%": "0",
                            "vpc_security_group_ids.#": "1",
                            "vpc_security_group_ids.3263205132": "sg-744b9105"
                        },
                        "meta": {
                            "e2bfb730-ecaa-11e6-8f88-34363bc7c4c0": {
                                "create": 600000000000,
                                "delete": 600000000000,
                                "update": 600000000000
                            },
                            "schema_version": "1"
                        },
                        "tainted": false
                    },
                    "deposed": [],
                    "provider": ""
                },
                "aws_instance.payments": {
                    "type": "aws_instance",
                    "depends_on": [
                        "aws_route_table.terraform",
                        "aws_security_group.terraform",
                        "aws_subnet.terraform"
                    ],
                    "primary": {
                        "id": "i-01df6dd4783293d5d",
                        "attributes": {
                            "ami": "ami-f4cc1de2",
                            "associate_public_ip_address": "true",
                            "availability_zone": "us-east-1e",
                            "disable_api_termination": "false",
                            "ebs_block_device.#": "0",
                            "ebs_optimized": "false",
                            "ephemeral_block_device.#": "0",
                            "iam_instance_profile": "",
                            "id": "i-01df6dd4783293d5d",
                            "instance_state": "running",
                            "instance_type": "t2.micro",
                            "ipv6_addresses.#": "0",
                            "key_name": "key",
                            "monitoring": "false",
                            "network_interface.#": "0",
                            "network_interface_id": "eni-56056957",
                            "primary_network_interface_id": "eni-56056957",
                            "private_dns": "ip-10-0-0-20.ec2.internal",
                            "private_ip": "10.0.0.20",
                            "public_dns": "ec2-54-208-241-79.compute-1.amazonaws.com",
                            "public_ip": "54.208.241.79",
                            "root_block_device.#": "1",
                            "root_block_device.0.delete_on_termination": "true",
                            "root_block_device.0.iops": "100",
                            "root_block_device.0.volume_size": "8",
                            "root_block_device.0.volume_type": "gp2",
                            "security_groups.#": "0",
                            "source_dest_check": "true",
                            "subnet_id": "subnet-a36e5f9f",
                            "tags.%": "0",
                            "tenancy": "default",
                            "volume_tags.%": "0",
                            "vpc_security_group_ids.#": "1",
                            "vpc_security_group_ids.3263205132": "sg-744b9105"
                        },
                        "meta": {
                            "e2bfb730-ecaa-11e6-8f88-34363bc7c4c0": {
                                "create": 600000000000,
                                "delete": 600000000000,
                                "update": 600000000000
                            },
                            "schema_version": "1"
                        },
                        "tainted": false
                    },
                    "deposed": [],
                    "provider": ""
                },
                "aws_internet_gateway.terraform": {
                    "type": "aws_internet_gateway",
                    "depends_on": [
                        "aws_vpc.terraform"
                    ],
                    "primary": {
                        "id": "igw-99cba6ff",
                        "attributes": {
                            "id": "igw-99cba6ff",
                            "tags.%": "0",
                            "vpc_id": "vpc-6b49fb12"
                        },
                        "meta": {},
                        "tainted": false
                    },
                    "deposed": [],
                    "provider": ""
                },
                "aws_key_pair.terraform": {
                    "type": "aws_key_pair",
                    "depends_on": [],
                    "primary": {
                        "id": "key",
                        "attributes": {
                            "fingerprint": "82:6b:00:f7:39:c5:af:77:fc:a5:e7:df:c4:7f:81:fb",
                            "id": "key",
                            "key_name": "key",
                            "public_key": "ssh-rsa AAAAB3NzaC1yc2EAAAADAQABAAABAQC/Owd1mxio0N+z8T3EUXZzkYtxIYm6iWSpPk7B67yD5JlnaAAlVSeXzWiYUtkawYUx1JKMQapkhTlBzZYB079qKbYG0Dk7x3yFwtnWUR4iSYcw5o8QknLy2F+Rc8qV/lhVHnD8sy9jKJoozLy1Jzrm0YabsKvJQB4TFAID63knlGUuhzeVKaKKk6YQb93+UKOXqmUrVa0x6DIbKmZ+WrH9y+ubUrhG9T//uub1OTILOSbElyMsh5AL/gSZkktuVIlq2eI6Cvva9r9UqycXnjtSzioZty1VdFk54Ag0Ijpgw0kK1dNuWOQaM/lzKySjodLJAHG4uwvVHvmgAPJDSC/5 abemelvin@MacBook-Pro.local"
                        },
                        "meta": {
                            "schema_version": "1"
                        },
                        "tainted": false
                    },
                    "deposed": [],
                    "provider": ""
                },
                "aws_route53_record.payments": {
                    "type": "aws_route53_record",
                    "depends_on": [
                        "aws_instance.payments",
                        "aws_route53_zone.terraform"
                    ],
                    "primary": {
                        "id": "Z3JDQWPQXFI4IJ_payments.fazio.com_A",
                        "attributes": {
                            "fqdn": "payments.fazio.com",
                            "health_check_id": "",
                            "id": "Z3JDQWPQXFI4IJ_payments.fazio.com_A",
                            "name": "payments.fazio.com",
                            "records.#": "1",
                            "records.3067523293": "10.0.0.20",
                            "set_identifier": "",
                            "ttl": "300",
                            "type": "A",
                            "zone_id": "Z3JDQWPQXFI4IJ"
                        },
                        "meta": {
                            "schema_version": "2"
                        },
                        "tainted": false
                    },
                    "deposed": [],
                    "provider": ""
                },
                "aws_route53_zone.terraform": {
                    "type": "aws_route53_zone",
                    "depends_on": [
                        "aws_vpc.terraform"
                    ],
                    "primary": {
                        "id": "Z3JDQWPQXFI4IJ",
                        "attributes": {
                            "comment": "Managed by Terraform",
                            "force_destroy": "false",
                            "id": "Z3JDQWPQXFI4IJ",
                            "name": "fazio.com",
                            "name_servers.#": "4",
                            "name_servers.0": "ns-0.awsdns-00.com.",
                            "name_servers.1": "ns-1024.awsdns-00.org.",
                            "name_servers.2": "ns-1536.awsdns-00.co.uk.",
                            "name_servers.3": "ns-512.awsdns-00.net.",
                            "tags.%": "0",
                            "vpc_id": "vpc-6b49fb12",
                            "vpc_region": "us-east-1",
                            "zone_id": "Z3JDQWPQXFI4IJ"
                        },
                        "meta": {},
                        "tainted": false
                    },
                    "deposed": [],
                    "provider": ""
                },
                "aws_route_table.terraform": {
                    "type": "aws_route_table",
                    "depends_on": [
                        "aws_internet_gateway.terraform",
                        "aws_vpc.terraform"
                    ],
                    "primary": {
                        "id": "rtb-47c2ba3f",
                        "attributes": {
                            "id": "rtb-47c2ba3f",
                            "propagating_vgws.#": "0",
                            "route.#": "1",
                            "route.3588615949.cidr_block": "0.0.0.0/0",
                            "route.3588615949.egress_only_gateway_id": "",
                            "route.3588615949.gateway_id": "igw-99cba6ff",
                            "route.3588615949.instance_id": "",
                            "route.3588615949.ipv6_cidr_block": "",
                            "route.3588615949.nat_gateway_id": "",
                            "route.3588615949.network_interface_id": "",
                            "route.3588615949.vpc_peering_connection_id": "",
                            "tags.%": "0",
                            "vpc_id": "vpc-6b49fb12"
                        },
                        "meta": {},
                        "tainted": false
                    },
                    "deposed": [],
                    "provider": ""
                },
                "aws_route_table_association.terraform": {
                    "type": "aws_route_table_association",
                    "depends_on": [
                        "aws_route_table.terraform",
                        "aws_subnet.terraform"
                    ],
                    "primary": {
                        "id": "rtbassoc-7075570b",
                        "attributes": {
                            "id": "rtbassoc-7075570b",
                            "route_table_id": "rtb-47c2ba3f",
                            "subnet_id": "subnet-a36e5f9f"
                        },
                        "meta": {},
                        "tainted": false
                    },
                    "deposed": [],
                    "provider": ""
                },
                "aws_security_group.terraform": {
                    "type": "aws_security_group",
                    "depends_on": [
                        "aws_vpc.terraform"
                    ],
                    "primary": {
                        "id": "sg-744b9105",
                        "attributes": {
                            "description": "allow all traffic",
                            "egress.#": "1",
                            "egress.482069346.cidr_blocks.#": "1",
                            "egress.482069346.cidr_blocks.0": "0.0.0.0/0",
                            "egress.482069346.from_port": "0",
                            "egress.482069346.ipv6_cidr_blocks.#": "0",
                            "egress.482069346.prefix_list_ids.#": "0",
                            "egress.482069346.protocol": "-1",
                            "egress.482069346.security_groups.#": "0",
                            "egress.482069346.self": "false",
                            "egress.482069346.to_port": "0",
                            "id": "sg-744b9105",
                            "ingress.#": "4",
                            "ingress.1152203895.cidr_blocks.#": "1",
                            "ingress.1152203895.cidr_blocks.0": "10.0.0.0/24",
                            "ingress.1152203895.from_port": "0",
                            "ingress.1152203895.ipv6_cidr_blocks.#": "0",
                            "ingress.1152203895.protocol": "-1",
                            "ingress.1152203895.security_groups.#": "0",
                            "ingress.1152203895.self": "false",
                            "ingress.1152203895.to_port": "0",
                            "ingress.2214680975.cidr_blocks.#": "1",
                            "ingress.2214680975.cidr_blocks.0": "0.0.0.0/0",
                            "ingress.2214680975.from_port": "80",
                            "ingress.2214680975.ipv6_cidr_blocks.#": "0",
                            "ingress.2214680975.protocol": "tcp",
                            "ingress.2214680975.security_groups.#": "0",
                            "ingress.2214680975.self": "false",
                            "ingress.2214680975.to_port": "80",
                            "ingress.2541437006.cidr_blocks.#": "1",
                            "ingress.2541437006.cidr_blocks.0": "0.0.0.0/0",
                            "ingress.2541437006.from_port": "22",
                            "ingress.2541437006.ipv6_cidr_blocks.#": "0",
                            "ingress.2541437006.protocol": "tcp",
                            "ingress.2541437006.security_groups.#": "0",
                            "ingress.2541437006.self": "false",
                            "ingress.2541437006.to_port": "22",
                            "ingress.2617001939.cidr_blocks.#": "1",
                            "ingress.2617001939.cidr_blocks.0": "0.0.0.0/0",
                            "ingress.2617001939.from_port": "443",
                            "ingress.2617001939.ipv6_cidr_blocks.#": "0",
                            "ingress.2617001939.protocol": "tcp",
                            "ingress.2617001939.security_groups.#": "0",
                            "ingress.2617001939.self": "false",
                            "ingress.2617001939.to_port": "443",
                            "name": "terraform",
                            "owner_id": "343713926005",
                            "tags.%": "0",
                            "vpc_id": "vpc-6b49fb12"
                        },
                        "meta": {},
                        "tainted": false
                    },
                    "deposed": [],
                    "provider": ""
                },
                "aws_subnet.terraform": {
                    "type": "aws_subnet",
                    "depends_on": [
                        "aws_vpc.terraform"
                    ],
                    "primary": {
                        "id": "subnet-a36e5f9f",
                        "attributes": {
                            "assign_ipv6_address_on_creation": "false",
                            "availability_zone": "us-east-1e",
                            "cidr_block": "10.0.0.0/24",
                            "id": "subnet-a36e5f9f",
                            "map_public_ip_on_launch": "false",
                            "tags.%": "0",
                            "vpc_id": "vpc-6b49fb12"
                        },
                        "meta": {
                            "schema_version": "1"
                        },
                        "tainted": false
                    },
                    "deposed": [],
                    "provider": ""
                },
                "aws_vpc.terraform": {
                    "type": "aws_vpc",
                    "depends_on": [],
                    "primary": {
                        "id": "vpc-6b49fb12",
                        "attributes": {
                            "assign_generated_ipv6_cidr_block": "false",
                            "cidr_block": "10.0.0.0/16",
                            "default_network_acl_id": "acl-2d98c054",
                            "default_route_table_id": "rtb-6dccb415",
                            "default_security_group_id": "sg-794e9408",
                            "dhcp_options_id": "dopt-84abdce3",
                            "enable_classiclink": "false",
                            "enable_dns_hostnames": "true",
                            "enable_dns_support": "true",
                            "id": "vpc-6b49fb12",
                            "instance_tenancy": "default",
                            "main_route_table_id": "rtb-6dccb415",
                            "tags.%": "0"
                        },
                        "meta": {
                            "schema_version": "1"
                        },
                        "tainted": false
                    },
                    "deposed": [],
                    "provider": ""
                }
            },
            "depends_on": []
        }
    ]
}
