{
    "version": 3,
    "terraform_version": "0.9.6",
    "serial": 13,
    "lineage": "bd89f436-a892-4d08-a852-4d1b8efe60e4",
    "modules": [
        {
            "path": [
                "root"
            ],
            "outputs": {
                "ansible ip": {
                    "sensitive": false,
                    "type": "string",
                    "value": "34.201.3.232"
                },
                "blackhat ip": {
                    "sensitive": false,
                    "type": "string",
                    "value": "54.236.38.85"
                },
                "contractor ip": {
                    "sensitive": false,
                    "type": "string",
                    "value": "34.200.247.73"
                },
                "elk ip": {
                    "sensitive": false,
                    "type": "string",
                    "value": "34.201.205.20"
                },
                "ftp ip": {
                    "sensitive": false,
                    "type": "string",
                    "value": "34.200.239.147"
                },
                "mail ip": {
                    "sensitive": false,
                    "type": "string",
                    "value": "52.54.52.251"
                },
                "wazuh ip": {
                    "sensitive": false,
                    "type": "string",
                    "value": "34.200.245.24"
                }
            },
            "resources": {
                "aws_instance.ansible": {
                    "type": "aws_instance",
                    "depends_on": [
                        "aws_security_group.terraform",
                        "aws_subnet.terraform"
                    ],
                    "primary": {
                        "id": "i-07ce81f4cc3242a22",
                        "attributes": {
                            "ami": "ami-f4cc1de2",
                            "associate_public_ip_address": "true",
                            "availability_zone": "us-east-1a",
                            "disable_api_termination": "false",
                            "ebs_block_device.#": "0",
                            "ebs_optimized": "false",
                            "ephemeral_block_device.#": "0",
                            "iam_instance_profile": "",
                            "id": "i-07ce81f4cc3242a22",
                            "instance_state": "running",
                            "instance_type": "t2.micro",
                            "ipv6_addresses.#": "0",
                            "key_name": "key",
                            "monitoring": "false",
                            "network_interface.#": "0",
                            "network_interface_id": "eni-c75eabd0",
                            "primary_network_interface_id": "eni-c75eabd0",
                            "private_dns": "ip-10-0-0-10.ec2.internal",
                            "private_ip": "10.0.0.10",
                            "public_dns": "ec2-34-201-3-232.compute-1.amazonaws.com",
                            "public_ip": "34.201.3.232",
                            "root_block_device.#": "1",
                            "root_block_device.0.delete_on_termination": "true",
                            "root_block_device.0.iops": "100",
                            "root_block_device.0.volume_size": "8",
                            "root_block_device.0.volume_type": "gp2",
                            "security_groups.#": "0",
                            "source_dest_check": "true",
                            "subnet_id": "subnet-95646ff0",
                            "tags.%": "0",
                            "tenancy": "default",
                            "volume_tags.%": "0",
                            "vpc_security_group_ids.#": "1",
                            "vpc_security_group_ids.3087990888": "sg-a65c81d7"
                        },
                        "meta": {
                            "e2bfb730-ecaa-11e6-8f88-34363bc7c4c0": {
                                "create": 600000000000,
                                "delete": 600000000000,
                                "update": 600000000000
                            },
                            "schema_version": "1"
                        },
                        "tainted": false
                    },
                    "deposed": [],
                    "provider": ""
                },
                "aws_instance.blackhat": {
                    "type": "aws_instance",
                    "depends_on": [
                        "aws_route_table.terraform",
                        "aws_security_group.terraform",
                        "aws_subnet.terraform"
                    ],
                    "primary": {
                        "id": "i-06de3cf177d83ce1e",
                        "attributes": {
                            "ami": "ami-f4cc1de2",
                            "associate_public_ip_address": "true",
                            "availability_zone": "us-east-1a",
                            "disable_api_termination": "false",
                            "ebs_block_device.#": "0",
                            "ebs_optimized": "false",
                            "ephemeral_block_device.#": "0",
                            "iam_instance_profile": "",
                            "id": "i-06de3cf177d83ce1e",
                            "instance_state": "running",
                            "instance_type": "t2.micro",
                            "ipv6_addresses.#": "0",
                            "key_name": "key",
                            "monitoring": "false",
                            "network_interface.#": "0",
                            "network_interface_id": "eni-9a52a78d",
                            "primary_network_interface_id": "eni-9a52a78d",
                            "private_dns": "ip-10-0-0-18.ec2.internal",
                            "private_ip": "10.0.0.18",
                            "public_dns": "ec2-54-236-38-85.compute-1.amazonaws.com",
                            "public_ip": "54.236.38.85",
                            "root_block_device.#": "1",
                            "root_block_device.0.delete_on_termination": "true",
                            "root_block_device.0.iops": "100",
                            "root_block_device.0.volume_size": "8",
                            "root_block_device.0.volume_type": "gp2",
                            "security_groups.#": "0",
                            "source_dest_check": "true",
                            "subnet_id": "subnet-95646ff0",
                            "tags.%": "0",
                            "tenancy": "default",
                            "volume_tags.%": "0",
                            "vpc_security_group_ids.#": "1",
                            "vpc_security_group_ids.3087990888": "sg-a65c81d7"
                        },
                        "meta": {
                            "e2bfb730-ecaa-11e6-8f88-34363bc7c4c0": {
                                "create": 600000000000,
                                "delete": 600000000000,
                                "update": 600000000000
                            },
                            "schema_version": "1"
                        },
                        "tainted": false
                    },
                    "deposed": [],
                    "provider": ""
                },
                "aws_instance.contractor": {
                    "type": "aws_instance",
                    "depends_on": [
                        "aws_route_table.terraform",
                        "aws_security_group.terraform",
                        "aws_subnet.terraform"
                    ],
                    "primary": {
                        "id": "i-0c0a9f5f57436d2b7",
                        "attributes": {
                            "ami": "ami-f4cc1de2",
                            "associate_public_ip_address": "true",
                            "availability_zone": "us-east-1a",
                            "disable_api_termination": "false",
                            "ebs_block_device.#": "0",
                            "ebs_optimized": "false",
                            "ephemeral_block_device.#": "0",
                            "iam_instance_profile": "",
                            "id": "i-0c0a9f5f57436d2b7",
                            "instance_state": "running",
                            "instance_type": "t2.micro",
                            "ipv6_addresses.#": "0",
                            "key_name": "key",
                            "monitoring": "false",
                            "network_interface.#": "0",
                            "network_interface_id": "eni-0753a610",
                            "primary_network_interface_id": "eni-0753a610",
                            "private_dns": "ip-10-0-0-14.ec2.internal",
                            "private_ip": "10.0.0.14",
                            "public_dns": "ec2-34-200-247-73.compute-1.amazonaws.com",
                            "public_ip": "34.200.247.73",
                            "root_block_device.#": "1",
                            "root_block_device.0.delete_on_termination": "true",
                            "root_block_device.0.iops": "100",
                            "root_block_device.0.volume_size": "8",
                            "root_block_device.0.volume_type": "gp2",
                            "security_groups.#": "0",
                            "source_dest_check": "true",
                            "subnet_id": "subnet-95646ff0",
                            "tags.%": "0",
                            "tenancy": "default",
                            "volume_tags.%": "0",
                            "vpc_security_group_ids.#": "1",
                            "vpc_security_group_ids.3087990888": "sg-a65c81d7"
                        },
                        "meta": {
                            "e2bfb730-ecaa-11e6-8f88-34363bc7c4c0": {
                                "create": 600000000000,
                                "delete": 600000000000,
                                "update": 600000000000
                            },
                            "schema_version": "1"
                        },
                        "tainted": false
                    },
                    "deposed": [],
                    "provider": ""
                },
                "aws_instance.elk": {
                    "type": "aws_instance",
                    "depends_on": [
                        "aws_route_table.terraform",
                        "aws_security_group.terraform",
                        "aws_subnet.terraform"
                    ],
                    "primary": {
                        "id": "i-0a2326fd49e8eb112",
                        "attributes": {
                            "ami": "ami-f4cc1de2",
                            "associate_public_ip_address": "true",
                            "availability_zone": "us-east-1a",
                            "disable_api_termination": "false",
                            "ebs_block_device.#": "0",
                            "ebs_optimized": "false",
                            "ephemeral_block_device.#": "0",
                            "iam_instance_profile": "",
                            "id": "i-0a2326fd49e8eb112",
                            "instance_state": "running",
                            "instance_type": "t2.large",
                            "ipv6_addresses.#": "0",
                            "key_name": "key",
                            "monitoring": "false",
                            "network_interface.#": "0",
                            "network_interface_id": "eni-e052a7f7",
                            "primary_network_interface_id": "eni-e052a7f7",
                            "private_dns": "ip-10-0-0-11.ec2.internal",
                            "private_ip": "10.0.0.11",
                            "public_dns": "ec2-34-201-205-20.compute-1.amazonaws.com",
                            "public_ip": "34.201.205.20",
                            "root_block_device.#": "1",
                            "root_block_device.0.delete_on_termination": "true",
                            "root_block_device.0.iops": "100",
                            "root_block_device.0.volume_size": "8",
                            "root_block_device.0.volume_type": "gp2",
                            "security_groups.#": "0",
                            "source_dest_check": "true",
                            "subnet_id": "subnet-95646ff0",
                            "tags.%": "0",
                            "tenancy": "default",
                            "volume_tags.%": "0",
                            "vpc_security_group_ids.#": "1",
                            "vpc_security_group_ids.3087990888": "sg-a65c81d7"
                        },
                        "meta": {
                            "e2bfb730-ecaa-11e6-8f88-34363bc7c4c0": {
                                "create": 600000000000,
                                "delete": 600000000000,
                                "update": 600000000000
                            },
                            "schema_version": "1"
                        },
                        "tainted": false
                    },
                    "deposed": [],
                    "provider": ""
                },
                "aws_instance.ftp": {
                    "type": "aws_instance",
                    "depends_on": [
                        "aws_route_table.terraform",
                        "aws_security_group.terraform",
                        "aws_subnet.terraform"
                    ],
                    "primary": {
                        "id": "i-0ff8ab0940475ff53",
                        "attributes": {
                            "ami": "ami-f4cc1de2",
                            "associate_public_ip_address": "true",
                            "availability_zone": "us-east-1a",
                            "disable_api_termination": "false",
                            "ebs_block_device.#": "0",
                            "ebs_optimized": "false",
                            "ephemeral_block_device.#": "0",
                            "iam_instance_profile": "",
                            "id": "i-0ff8ab0940475ff53",
                            "instance_state": "running",
                            "instance_type": "t2.micro",
                            "ipv6_addresses.#": "0",
                            "key_name": "key",
                            "monitoring": "false",
                            "network_interface.#": "0",
                            "network_interface_id": "eni-ac50a5bb",
                            "primary_network_interface_id": "eni-ac50a5bb",
                            "private_dns": "ip-10-0-0-19.ec2.internal",
                            "private_ip": "10.0.0.19",
                            "public_dns": "ec2-34-200-239-147.compute-1.amazonaws.com",
                            "public_ip": "34.200.239.147",
                            "root_block_device.#": "1",
                            "root_block_device.0.delete_on_termination": "true",
                            "root_block_device.0.iops": "100",
                            "root_block_device.0.volume_size": "8",
                            "root_block_device.0.volume_type": "gp2",
                            "security_groups.#": "0",
                            "source_dest_check": "true",
                            "subnet_id": "subnet-95646ff0",
                            "tags.%": "0",
                            "tenancy": "default",
                            "volume_tags.%": "0",
                            "vpc_security_group_ids.#": "1",
                            "vpc_security_group_ids.3087990888": "sg-a65c81d7"
                        },
                        "meta": {
                            "e2bfb730-ecaa-11e6-8f88-34363bc7c4c0": {
                                "create": 600000000000,
                                "delete": 600000000000,
                                "update": 600000000000
                            },
                            "schema_version": "1"
                        },
                        "tainted": false
                    },
                    "deposed": [],
                    "provider": ""
                },
                "aws_instance.mail": {
                    "type": "aws_instance",
                    "depends_on": [
                        "aws_route_table.terraform",
                        "aws_security_group.terraform",
                        "aws_subnet.terraform"
                    ],
                    "primary": {
                        "id": "i-04dd273376caaa441",
                        "attributes": {
                            "ami": "ami-f4cc1de2",
                            "associate_public_ip_address": "true",
                            "availability_zone": "us-east-1a",
                            "disable_api_termination": "false",
                            "ebs_block_device.#": "0",
                            "ebs_optimized": "false",
                            "ephemeral_block_device.#": "0",
                            "iam_instance_profile": "",
                            "id": "i-04dd273376caaa441",
                            "instance_state": "running",
                            "instance_type": "t2.small",
                            "ipv6_addresses.#": "0",
                            "key_name": "key",
                            "monitoring": "false",
                            "network_interface.#": "0",
                            "network_interface_id": "eni-2652a731",
                            "primary_network_interface_id": "eni-2652a731",
                            "private_dns": "ip-10-0-0-15.ec2.internal",
                            "private_ip": "10.0.0.15",
                            "public_dns": "ec2-52-54-52-251.compute-1.amazonaws.com",
                            "public_ip": "52.54.52.251",
                            "root_block_device.#": "1",
                            "root_block_device.0.delete_on_termination": "true",
                            "root_block_device.0.iops": "100",
                            "root_block_device.0.volume_size": "8",
                            "root_block_device.0.volume_type": "gp2",
                            "security_groups.#": "0",
                            "source_dest_check": "true",
                            "subnet_id": "subnet-95646ff0",
                            "tags.%": "0",
                            "tenancy": "default",
                            "volume_tags.%": "0",
                            "vpc_security_group_ids.#": "1",
                            "vpc_security_group_ids.3087990888": "sg-a65c81d7"
                        },
                        "meta": {
                            "e2bfb730-ecaa-11e6-8f88-34363bc7c4c0": {
                                "create": 600000000000,
                                "delete": 600000000000,
                                "update": 600000000000
                            },
                            "schema_version": "1"
                        },
                        "tainted": false
                    },
                    "deposed": [],
                    "provider": ""
                },
                "aws_instance.wazuh": {
                    "type": "aws_instance",
                    "depends_on": [
                        "aws_route_table.terraform",
                        "aws_security_group.terraform",
                        "aws_subnet.terraform"
                    ],
                    "primary": {
                        "id": "i-0dd5393b7be5efca2",
                        "attributes": {
                            "ami": "ami-f4cc1de2",
                            "associate_public_ip_address": "true",
                            "availability_zone": "us-east-1a",
                            "disable_api_termination": "false",
                            "ebs_block_device.#": "0",
                            "ebs_optimized": "false",
                            "ephemeral_block_device.#": "0",
                            "iam_instance_profile": "",
                            "id": "i-0dd5393b7be5efca2",
                            "instance_state": "running",
                            "instance_type": "t2.large",
                            "ipv6_addresses.#": "0",
                            "key_name": "key",
                            "monitoring": "false",
                            "network_interface.#": "0",
                            "network_interface_id": "eni-5b5da84c",
                            "primary_network_interface_id": "eni-5b5da84c",
                            "private_dns": "ip-10-0-0-12.ec2.internal",
                            "private_ip": "10.0.0.12",
                            "public_dns": "ec2-34-200-245-24.compute-1.amazonaws.com",
                            "public_ip": "34.200.245.24",
                            "root_block_device.#": "1",
                            "root_block_device.0.delete_on_termination": "true",
                            "root_block_device.0.iops": "100",
                            "root_block_device.0.volume_size": "8",
                            "root_block_device.0.volume_type": "gp2",
                            "security_groups.#": "0",
                            "source_dest_check": "true",
                            "subnet_id": "subnet-95646ff0",
                            "tags.%": "0",
                            "tenancy": "default",
                            "volume_tags.%": "0",
                            "vpc_security_group_ids.#": "1",
                            "vpc_security_group_ids.3087990888": "sg-a65c81d7"
                        },
                        "meta": {
                            "e2bfb730-ecaa-11e6-8f88-34363bc7c4c0": {
                                "create": 600000000000,
                                "delete": 600000000000,
                                "update": 600000000000
                            },
                            "schema_version": "1"
                        },
                        "tainted": false
                    },
                    "deposed": [],
                    "provider": ""
                },
                "aws_internet_gateway.terraform": {
                    "type": "aws_internet_gateway",
                    "depends_on": [
                        "aws_vpc.terraform"
                    ],
                    "primary": {
                        "id": "igw-1b8cef7d",
                        "attributes": {
                            "id": "igw-1b8cef7d",
                            "tags.%": "0",
                            "vpc_id": "vpc-12bd0d6b"
                        },
                        "meta": {},
                        "tainted": false
                    },
                    "deposed": [],
                    "provider": ""
                },
                "aws_key_pair.terraform": {
                    "type": "aws_key_pair",
                    "depends_on": [],
                    "primary": {
                        "id": "key",
                        "attributes": {
                            "fingerprint": "82:6b:00:f7:39:c5:af:77:fc:a5:e7:df:c4:7f:81:fb",
                            "id": "key",
                            "key_name": "key",
                            "public_key": "ssh-rsa AAAAB3NzaC1yc2EAAAADAQABAAABAQC/Owd1mxio0N+z8T3EUXZzkYtxIYm6iWSpPk7B67yD5JlnaAAlVSeXzWiYUtkawYUx1JKMQapkhTlBzZYB079qKbYG0Dk7x3yFwtnWUR4iSYcw5o8QknLy2F+Rc8qV/lhVHnD8sy9jKJoozLy1Jzrm0YabsKvJQB4TFAID63knlGUuhzeVKaKKk6YQb93+UKOXqmUrVa0x6DIbKmZ+WrH9y+ubUrhG9T//uub1OTILOSbElyMsh5AL/gSZkktuVIlq2eI6Cvva9r9UqycXnjtSzioZty1VdFk54Ag0Ijpgw0kK1dNuWOQaM/lzKySjodLJAHG4uwvVHvmgAPJDSC/5 abemelvin@MacBook-Pro.local"
                        },
                        "meta": {
                            "schema_version": "1"
                        },
                        "tainted": false
                    },
                    "deposed": [],
                    "provider": ""
                },
                "aws_route53_record.blackhat": {
                    "type": "aws_route53_record",
                    "depends_on": [
                        "aws_instance.blackhat",
                        "aws_route53_zone.terraform"
                    ],
                    "primary": {
                        "id": "ZAB3UH14R7MIT_blackhat.fazio.com_A",
                        "attributes": {
                            "fqdn": "blackhat.fazio.com",
                            "health_check_id": "",
                            "id": "ZAB3UH14R7MIT_blackhat.fazio.com_A",
                            "name": "blackhat.fazio.com",
                            "records.#": "1",
                            "records.2468375340": "10.0.0.18",
                            "set_identifier": "",
                            "ttl": "300",
                            "type": "A",
                            "zone_id": "ZAB3UH14R7MIT"
                        },
                        "meta": {
                            "schema_version": "2"
                        },
                        "tainted": false
                    },
                    "deposed": [],
                    "provider": ""
                },
                "aws_route53_record.contractor": {
                    "type": "aws_route53_record",
                    "depends_on": [
                        "aws_instance.contractor",
                        "aws_route53_zone.terraform"
                    ],
                    "primary": {
                        "id": "ZAB3UH14R7MIT_contractor.fazio.com_A",
                        "attributes": {
                            "fqdn": "contractor.fazio.com",
                            "health_check_id": "",
                            "id": "ZAB3UH14R7MIT_contractor.fazio.com_A",
                            "name": "contractor.fazio.com",
                            "records.#": "1",
                            "records.2593531655": "10.0.0.14",
                            "set_identifier": "",
                            "ttl": "300",
                            "type": "A",
                            "zone_id": "ZAB3UH14R7MIT"
                        },
                        "meta": {
                            "schema_version": "2"
                        },
                        "tainted": false
                    },
                    "deposed": [],
                    "provider": ""
                },
                "aws_route53_record.ftp": {
                    "type": "aws_route53_record",
                    "depends_on": [
                        "aws_instance.ftp",
                        "aws_route53_zone.terraform"
                    ],
                    "primary": {
                        "id": "ZAB3UH14R7MIT_ftp.fazio.com_A",
                        "attributes": {
                            "fqdn": "ftp.fazio.com",
                            "health_check_id": "",
                            "id": "ZAB3UH14R7MIT_ftp.fazio.com_A",
                            "name": "ftp.fazio.com",
                            "records.#": "1",
                            "records.3827784634": "10.0.0.19",
                            "set_identifier": "",
                            "ttl": "300",
                            "type": "A",
                            "zone_id": "ZAB3UH14R7MIT"
                        },
                        "meta": {
                            "schema_version": "2"
                        },
                        "tainted": false
                    },
                    "deposed": [],
                    "provider": ""
                },
                "aws_route53_record.mail_A": {
                    "type": "aws_route53_record",
                    "depends_on": [
                        "aws_instance.mail",
                        "aws_route53_zone.terraform"
                    ],
                    "primary": {
                        "id": "ZAB3UH14R7MIT_mail.fazio.com_A",
                        "attributes": {
                            "fqdn": "mail.fazio.com",
                            "health_check_id": "",
                            "id": "ZAB3UH14R7MIT_mail.fazio.com_A",
                            "name": "mail.fazio.com",
                            "records.#": "1",
                            "records.3985708945": "10.0.0.15",
                            "set_identifier": "",
                            "ttl": "300",
                            "type": "A",
                            "zone_id": "ZAB3UH14R7MIT"
                        },
                        "meta": {
                            "schema_version": "2"
                        },
                        "tainted": false
                    },
                    "deposed": [],
                    "provider": ""
                },
                "aws_route53_record.mail_MX": {
                    "type": "aws_route53_record",
                    "depends_on": [
                        "aws_instance.mail",
                        "aws_route53_zone.terraform"
                    ],
                    "primary": {
                        "id": "ZAB3UH14R7MIT_fazio.com_MX",
                        "attributes": {
                            "fqdn": "fazio.com",
                            "health_check_id": "",
                            "id": "ZAB3UH14R7MIT_fazio.com_MX",
                            "name": "fazio.com",
                            "records.#": "1",
                            "records.3207528190": "50 mail.fazio.com",
                            "set_identifier": "",
                            "ttl": "300",
                            "type": "MX",
                            "zone_id": "ZAB3UH14R7MIT"
                        },
                        "meta": {
                            "schema_version": "2"
                        },
                        "tainted": false
                    },
                    "deposed": [],
                    "provider": ""
                },
                "aws_route53_zone.terraform": {
                    "type": "aws_route53_zone",
                    "depends_on": [
                        "aws_vpc.terraform"
                    ],
                    "primary": {
                        "id": "ZAB3UH14R7MIT",
                        "attributes": {
                            "comment": "Managed by Terraform",
                            "force_destroy": "false",
                            "id": "ZAB3UH14R7MIT",
                            "name": "fazio.com",
                            "name_servers.#": "4",
                            "name_servers.0": "ns-0.awsdns-00.com.",
                            "name_servers.1": "ns-1024.awsdns-00.org.",
                            "name_servers.2": "ns-1536.awsdns-00.co.uk.",
                            "name_servers.3": "ns-512.awsdns-00.net.",
                            "tags.%": "0",
                            "vpc_id": "vpc-12bd0d6b",
                            "vpc_region": "us-east-1",
                            "zone_id": "ZAB3UH14R7MIT"
                        },
                        "meta": {},
                        "tainted": false
                    },
                    "deposed": [],
                    "provider": ""
                },
                "aws_route_table.terraform": {
                    "type": "aws_route_table",
                    "depends_on": [
                        "aws_internet_gateway.terraform",
                        "aws_vpc.terraform"
                    ],
                    "primary": {
                        "id": "rtb-62c5ba1a",
                        "attributes": {
                            "id": "rtb-62c5ba1a",
                            "propagating_vgws.#": "0",
                            "route.#": "1",
                            "route.4046609238.cidr_block": "0.0.0.0/0",
                            "route.4046609238.egress_only_gateway_id": "",
                            "route.4046609238.gateway_id": "igw-1b8cef7d",
                            "route.4046609238.instance_id": "",
                            "route.4046609238.ipv6_cidr_block": "",
                            "route.4046609238.nat_gateway_id": "",
                            "route.4046609238.network_interface_id": "",
                            "route.4046609238.vpc_peering_connection_id": "",
                            "tags.%": "0",
                            "vpc_id": "vpc-12bd0d6b"
                        },
                        "meta": {},
                        "tainted": false
                    },
                    "deposed": [],
                    "provider": ""
                },
                "aws_route_table_association.terraform": {
                    "type": "aws_route_table_association",
                    "depends_on": [
                        "aws_route_table.terraform",
                        "aws_subnet.terraform"
                    ],
                    "primary": {
                        "id": "rtbassoc-810b2dfa",
                        "attributes": {
                            "id": "rtbassoc-810b2dfa",
                            "route_table_id": "rtb-62c5ba1a",
                            "subnet_id": "subnet-95646ff0"
                        },
                        "meta": {},
                        "tainted": false
                    },
                    "deposed": [],
                    "provider": ""
                },
                "aws_security_group.terraform": {
                    "type": "aws_security_group",
                    "depends_on": [
                        "aws_vpc.terraform"
                    ],
                    "primary": {
                        "id": "sg-a65c81d7",
                        "attributes": {
                            "description": "allow all traffic",
                            "egress.#": "1",
                            "egress.482069346.cidr_blocks.#": "1",
                            "egress.482069346.cidr_blocks.0": "0.0.0.0/0",
                            "egress.482069346.from_port": "0",
                            "egress.482069346.ipv6_cidr_blocks.#": "0",
                            "egress.482069346.prefix_list_ids.#": "0",
                            "egress.482069346.protocol": "-1",
                            "egress.482069346.security_groups.#": "0",
                            "egress.482069346.self": "false",
                            "egress.482069346.to_port": "0",
                            "id": "sg-a65c81d7",
                            "ingress.#": "4",
                            "ingress.1152203895.cidr_blocks.#": "1",
                            "ingress.1152203895.cidr_blocks.0": "10.0.0.0/24",
                            "ingress.1152203895.from_port": "0",
                            "ingress.1152203895.ipv6_cidr_blocks.#": "0",
                            "ingress.1152203895.protocol": "-1",
                            "ingress.1152203895.security_groups.#": "0",
                            "ingress.1152203895.self": "false",
                            "ingress.1152203895.to_port": "0",
                            "ingress.2214680975.cidr_blocks.#": "1",
                            "ingress.2214680975.cidr_blocks.0": "0.0.0.0/0",
                            "ingress.2214680975.from_port": "80",
                            "ingress.2214680975.ipv6_cidr_blocks.#": "0",
                            "ingress.2214680975.protocol": "tcp",
                            "ingress.2214680975.security_groups.#": "0",
                            "ingress.2214680975.self": "false",
                            "ingress.2214680975.to_port": "80",
                            "ingress.2541437006.cidr_blocks.#": "1",
                            "ingress.2541437006.cidr_blocks.0": "0.0.0.0/0",
                            "ingress.2541437006.from_port": "22",
                            "ingress.2541437006.ipv6_cidr_blocks.#": "0",
                            "ingress.2541437006.protocol": "tcp",
                            "ingress.2541437006.security_groups.#": "0",
                            "ingress.2541437006.self": "false",
                            "ingress.2541437006.to_port": "22",
                            "ingress.2617001939.cidr_blocks.#": "1",
                            "ingress.2617001939.cidr_blocks.0": "0.0.0.0/0",
                            "ingress.2617001939.from_port": "443",
                            "ingress.2617001939.ipv6_cidr_blocks.#": "0",
                            "ingress.2617001939.protocol": "tcp",
                            "ingress.2617001939.security_groups.#": "0",
                            "ingress.2617001939.self": "false",
                            "ingress.2617001939.to_port": "443",
                            "name": "terraform",
                            "owner_id": "343713926005",
                            "tags.%": "0",
                            "vpc_id": "vpc-12bd0d6b"
                        },
                        "meta": {},
                        "tainted": false
                    },
                    "deposed": [],
                    "provider": ""
                },
                "aws_subnet.terraform": {
                    "type": "aws_subnet",
                    "depends_on": [
                        "aws_vpc.terraform"
                    ],
                    "primary": {
                        "id": "subnet-95646ff0",
                        "attributes": {
                            "assign_ipv6_address_on_creation": "false",
                            "availability_zone": "us-east-1a",
                            "cidr_block": "10.0.0.0/24",
                            "id": "subnet-95646ff0",
                            "map_public_ip_on_launch": "false",
                            "tags.%": "0",
                            "vpc_id": "vpc-12bd0d6b"
                        },
                        "meta": {
                            "schema_version": "1"
                        },
                        "tainted": false
                    },
                    "deposed": [],
                    "provider": ""
                },
                "aws_vpc.terraform": {
                    "type": "aws_vpc",
                    "depends_on": [],
                    "primary": {
                        "id": "vpc-12bd0d6b",
                        "attributes": {
                            "assign_generated_ipv6_cidr_block": "false",
                            "cidr_block": "10.0.0.0/16",
                            "default_network_acl_id": "acl-c0d689b9",
                            "default_route_table_id": "rtb-0ec3bc76",
                            "default_security_group_id": "sg-a95e83d8",
                            "dhcp_options_id": "dopt-84abdce3",
                            "enable_classiclink": "false",
                            "enable_dns_hostnames": "true",
                            "enable_dns_support": "true",
                            "id": "vpc-12bd0d6b",
                            "instance_tenancy": "default",
                            "main_route_table_id": "rtb-0ec3bc76",
                            "tags.%": "0"
                        },
                        "meta": {
                            "schema_version": "1"
                        },
                        "tainted": false
                    },
                    "deposed": [],
                    "provider": ""
                }
            },
            "depends_on": []
        }
    ]
}
