{
    "version": 3,
    "terraform_version": "0.9.6",
    "serial": 227,
    "lineage": "53c0f3eb-5080-4b3f-9a92-91f40039b908",
    "modules": [
        {
            "path": [
                "root"
            ],
            "outputs": {
                "ansible ip": {
                    "sensitive": false,
                    "type": "string",
                    "value": "52.206.242.18"
                },
                "contractor ip": {
                    "sensitive": false,
                    "type": "string",
                    "value": "54.89.6.81"
                },
                "elk ip": {
                    "sensitive": false,
                    "type": "string",
                    "value": "54.210.30.75"
                },
                "mail ip": {
                    "sensitive": false,
                    "type": "string",
                    "value": "54.157.48.145"
                },
                "webapp ip": {
                    "sensitive": false,
                    "type": "string",
                    "value": "54.174.213.69"
                }
            },
            "resources": {
                "aws_instance.ansible": {
                    "type": "aws_instance",
                    "depends_on": [
                        "aws_instance.contractor",
                        "aws_instance.elk",
                        "aws_instance.mail",
                        "aws_instance.webapp",
                        "aws_security_group.terraform",
                        "aws_subnet.terraform"
                    ],
                    "primary": {
                        "id": "i-02c169fe35d4c4ab1",
                        "attributes": {
                            "ami": "ami-f4cc1de2",
                            "associate_public_ip_address": "true",
                            "availability_zone": "us-east-1d",
                            "disable_api_termination": "false",
                            "ebs_block_device.#": "0",
                            "ebs_optimized": "false",
                            "ephemeral_block_device.#": "0",
                            "iam_instance_profile": "",
                            "id": "i-02c169fe35d4c4ab1",
                            "instance_state": "running",
                            "instance_type": "t2.medium",
                            "ipv6_addresses.#": "0",
                            "key_name": "key",
                            "monitoring": "false",
                            "network_interface.#": "0",
                            "network_interface_id": "eni-66c0a1bc",
                            "primary_network_interface_id": "eni-66c0a1bc",
                            "private_dns": "ip-10-0-0-10.ec2.internal",
                            "private_ip": "10.0.0.10",
                            "public_dns": "ec2-52-206-242-18.compute-1.amazonaws.com",
                            "public_ip": "52.206.242.18",
                            "root_block_device.#": "1",
                            "root_block_device.0.delete_on_termination": "true",
                            "root_block_device.0.iops": "100",
                            "root_block_device.0.volume_size": "8",
                            "root_block_device.0.volume_type": "gp2",
                            "security_groups.#": "0",
                            "source_dest_check": "true",
                            "subnet_id": "subnet-d3538289",
                            "tags.%": "0",
                            "tenancy": "default",
                            "volume_tags.%": "0",
                            "vpc_security_group_ids.#": "1",
                            "vpc_security_group_ids.716357191": "sg-124b4e6c"
                        },
                        "meta": {
                            "e2bfb730-ecaa-11e6-8f88-34363bc7c4c0": {
                                "create": 600000000000,
                                "delete": 600000000000,
                                "update": 600000000000
                            },
                            "schema_version": "1"
                        },
                        "tainted": false
                    },
                    "deposed": [],
                    "provider": ""
                },
                "aws_instance.contractor": {
                    "type": "aws_instance",
                    "depends_on": [
                        "aws_route_table.terraform",
                        "aws_security_group.terraform",
                        "aws_subnet.terraform"
                    ],
                    "primary": {
                        "id": "i-01f8e25f001768135",
                        "attributes": {
                            "ami": "ami-f4cc1de2",
                            "associate_public_ip_address": "true",
                            "availability_zone": "us-east-1d",
                            "disable_api_termination": "false",
                            "ebs_block_device.#": "0",
                            "ebs_optimized": "false",
                            "ephemeral_block_device.#": "0",
                            "iam_instance_profile": "",
                            "id": "i-01f8e25f001768135",
                            "instance_state": "running",
                            "instance_type": "t2.medium",
                            "ipv6_addresses.#": "0",
                            "key_name": "key",
                            "monitoring": "false",
                            "network_interface.#": "0",
                            "network_interface_id": "eni-7bc2a3a1",
                            "primary_network_interface_id": "eni-7bc2a3a1",
                            "private_dns": "ip-10-0-0-12.ec2.internal",
                            "private_ip": "10.0.0.12",
                            "public_dns": "ec2-54-89-6-81.compute-1.amazonaws.com",
                            "public_ip": "54.89.6.81",
                            "root_block_device.#": "1",
                            "root_block_device.0.delete_on_termination": "true",
                            "root_block_device.0.iops": "100",
                            "root_block_device.0.volume_size": "8",
                            "root_block_device.0.volume_type": "gp2",
                            "security_groups.#": "0",
                            "source_dest_check": "true",
                            "subnet_id": "subnet-d3538289",
                            "tags.%": "0",
                            "tenancy": "default",
                            "volume_tags.%": "0",
                            "vpc_security_group_ids.#": "1",
                            "vpc_security_group_ids.716357191": "sg-124b4e6c"
                        },
                        "meta": {
                            "e2bfb730-ecaa-11e6-8f88-34363bc7c4c0": {
                                "create": 600000000000,
                                "delete": 600000000000,
                                "update": 600000000000
                            },
                            "schema_version": "1"
                        },
                        "tainted": false
                    },
                    "deposed": [],
                    "provider": ""
                },
                "aws_instance.elk": {
                    "type": "aws_instance",
                    "depends_on": [
                        "aws_route_table.terraform",
                        "aws_security_group.terraform",
                        "aws_subnet.terraform"
                    ],
                    "primary": {
                        "id": "i-0066dc741dd83c480",
                        "attributes": {
                            "ami": "ami-f4cc1de2",
                            "associate_public_ip_address": "true",
                            "availability_zone": "us-east-1d",
                            "disable_api_termination": "false",
                            "ebs_block_device.#": "0",
                            "ebs_optimized": "false",
                            "ephemeral_block_device.#": "0",
                            "iam_instance_profile": "",
                            "id": "i-0066dc741dd83c480",
                            "instance_state": "running",
                            "instance_type": "t2.xlarge",
                            "ipv6_addresses.#": "0",
                            "key_name": "key",
                            "monitoring": "false",
                            "network_interface.#": "0",
                            "network_interface_id": "eni-c2c3a218",
                            "primary_network_interface_id": "eni-c2c3a218",
                            "private_dns": "ip-10-0-0-11.ec2.internal",
                            "private_ip": "10.0.0.11",
                            "public_dns": "ec2-54-210-30-75.compute-1.amazonaws.com",
                            "public_ip": "54.210.30.75",
                            "root_block_device.#": "1",
                            "root_block_device.0.delete_on_termination": "true",
                            "root_block_device.0.iops": "100",
                            "root_block_device.0.volume_size": "8",
                            "root_block_device.0.volume_type": "gp2",
                            "security_groups.#": "0",
                            "source_dest_check": "true",
                            "subnet_id": "subnet-d3538289",
                            "tags.%": "0",
                            "tenancy": "default",
                            "volume_tags.%": "0",
                            "vpc_security_group_ids.#": "1",
                            "vpc_security_group_ids.716357191": "sg-124b4e6c"
                        },
                        "meta": {
                            "e2bfb730-ecaa-11e6-8f88-34363bc7c4c0": {
                                "create": 600000000000,
                                "delete": 600000000000,
                                "update": 600000000000
                            },
                            "schema_version": "1"
                        },
                        "tainted": false
                    },
                    "deposed": [],
                    "provider": ""
                },
                "aws_instance.mail": {
                    "type": "aws_instance",
                    "depends_on": [
                        "aws_route_table.terraform",
                        "aws_security_group.terraform",
                        "aws_subnet.terraform"
                    ],
                    "primary": {
                        "id": "i-0479b6284cbe03ee0",
                        "attributes": {
                            "ami": "ami-f4cc1de2",
                            "associate_public_ip_address": "true",
                            "availability_zone": "us-east-1d",
                            "disable_api_termination": "false",
                            "ebs_block_device.#": "0",
                            "ebs_optimized": "false",
                            "ephemeral_block_device.#": "0",
                            "iam_instance_profile": "",
                            "id": "i-0479b6284cbe03ee0",
                            "instance_state": "running",
                            "instance_type": "t2.medium",
                            "ipv6_addresses.#": "0",
                            "key_name": "key",
                            "monitoring": "false",
                            "network_interface.#": "0",
                            "network_interface_id": "eni-91fc9d4b",
                            "primary_network_interface_id": "eni-91fc9d4b",
                            "private_dns": "ip-10-0-0-14.ec2.internal",
                            "private_ip": "10.0.0.14",
                            "public_dns": "ec2-54-157-48-145.compute-1.amazonaws.com",
                            "public_ip": "54.157.48.145",
                            "root_block_device.#": "1",
                            "root_block_device.0.delete_on_termination": "true",
                            "root_block_device.0.iops": "100",
                            "root_block_device.0.volume_size": "8",
                            "root_block_device.0.volume_type": "gp2",
                            "security_groups.#": "0",
                            "source_dest_check": "true",
                            "subnet_id": "subnet-d3538289",
                            "tags.%": "0",
                            "tenancy": "default",
                            "volume_tags.%": "0",
                            "vpc_security_group_ids.#": "1",
                            "vpc_security_group_ids.716357191": "sg-124b4e6c"
                        },
                        "meta": {
                            "e2bfb730-ecaa-11e6-8f88-34363bc7c4c0": {
                                "create": 600000000000,
                                "delete": 600000000000,
                                "update": 600000000000
                            },
                            "schema_version": "1"
                        },
                        "tainted": false
                    },
                    "deposed": [],
                    "provider": ""
                },
                "aws_instance.webapp": {
                    "type": "aws_instance",
                    "depends_on": [
                        "aws_route_table.terraform",
                        "aws_security_group.terraform",
                        "aws_subnet.terraform"
                    ],
                    "primary": {
                        "id": "i-0e5a89a56097a34d7",
                        "attributes": {
                            "ami": "ami-f4cc1de2",
                            "associate_public_ip_address": "true",
                            "availability_zone": "us-east-1d",
                            "disable_api_termination": "false",
                            "ebs_block_device.#": "0",
                            "ebs_optimized": "false",
                            "ephemeral_block_device.#": "0",
                            "iam_instance_profile": "",
                            "id": "i-0e5a89a56097a34d7",
                            "instance_state": "running",
                            "instance_type": "t2.medium",
                            "ipv6_addresses.#": "0",
                            "key_name": "key",
                            "monitoring": "false",
                            "network_interface.#": "0",
                            "network_interface_id": "eni-62fc9db8",
                            "primary_network_interface_id": "eni-62fc9db8",
                            "private_dns": "ip-10-0-0-15.ec2.internal",
                            "private_ip": "10.0.0.15",
                            "public_dns": "ec2-54-174-213-69.compute-1.amazonaws.com",
                            "public_ip": "54.174.213.69",
                            "root_block_device.#": "1",
                            "root_block_device.0.delete_on_termination": "true",
                            "root_block_device.0.iops": "100",
                            "root_block_device.0.volume_size": "8",
                            "root_block_device.0.volume_type": "gp2",
                            "security_groups.#": "0",
                            "source_dest_check": "true",
                            "subnet_id": "subnet-d3538289",
                            "tags.%": "0",
                            "tenancy": "default",
                            "volume_tags.%": "0",
                            "vpc_security_group_ids.#": "1",
                            "vpc_security_group_ids.716357191": "sg-124b4e6c"
                        },
                        "meta": {
                            "e2bfb730-ecaa-11e6-8f88-34363bc7c4c0": {
                                "create": 600000000000,
                                "delete": 600000000000,
                                "update": 600000000000
                            },
                            "schema_version": "1"
                        },
                        "tainted": false
                    },
                    "deposed": [],
                    "provider": ""
                },
                "aws_internet_gateway.terraform": {
                    "type": "aws_internet_gateway",
                    "depends_on": [
                        "aws_vpc.terraform"
                    ],
                    "primary": {
                        "id": "igw-0ddf526b",
                        "attributes": {
                            "id": "igw-0ddf526b",
                            "vpc_id": "vpc-840edffd"
                        },
                        "meta": {},
                        "tainted": false
                    },
                    "deposed": [],
                    "provider": ""
                },
                "aws_key_pair.terraform": {
                    "type": "aws_key_pair",
                    "depends_on": [],
                    "primary": {
                        "id": "key",
                        "attributes": {
                            "id": "key",
                            "key_name": "key",
                            "public_key": "ssh-rsa AAAAB3NzaC1yc2EAAAADAQABAAABAQC/Owd1mxio0N+z8T3EUXZzkYtxIYm6iWSpPk7B67yD5JlnaAAlVSeXzWiYUtkawYUx1JKMQapkhTlBzZYB079qKbYG0Dk7x3yFwtnWUR4iSYcw5o8QknLy2F+Rc8qV/lhVHnD8sy9jKJoozLy1Jzrm0YabsKvJQB4TFAID63knlGUuhzeVKaKKk6YQb93+UKOXqmUrVa0x6DIbKmZ+WrH9y+ubUrhG9T//uub1OTILOSbElyMsh5AL/gSZkktuVIlq2eI6Cvva9r9UqycXnjtSzioZty1VdFk54Ag0Ijpgw0kK1dNuWOQaM/lzKySjodLJAHG4uwvVHvmgAPJDSC/5 abemelvin@MacBook-Pro.local"
                        },
                        "meta": {
                            "schema_version": "1"
                        },
                        "tainted": false
                    },
                    "deposed": [],
                    "provider": ""
                },
                "aws_route53_record.contractor": {
                    "type": "aws_route53_record",
                    "depends_on": [
                        "aws_instance.contractor",
                        "aws_route53_zone.terraform"
                    ],
                    "primary": {
                        "id": "Z3HLPFWVVNMRSH_contractor.fazio.com_A",
                        "attributes": {
                            "fqdn": "contractor.fazio.com",
                            "health_check_id": "",
                            "id": "Z3HLPFWVVNMRSH_contractor.fazio.com_A",
                            "name": "contractor.fazio.com",
                            "records.#": "1",
                            "records.1945469490": "10.0.0.12",
                            "set_identifier": "",
                            "ttl": "300",
                            "type": "A",
                            "zone_id": "Z3HLPFWVVNMRSH"
                        },
                        "meta": {
                            "schema_version": "2"
                        },
                        "tainted": false
                    },
                    "deposed": [],
                    "provider": ""
                },
                "aws_route53_record.mail": {
                    "type": "aws_route53_record",
                    "depends_on": [
                        "aws_instance.mail",
                        "aws_route53_zone.terraform"
                    ],
                    "primary": {
                        "id": "Z3HLPFWVVNMRSH_mail.fazio.com_A",
                        "attributes": {
                            "fqdn": "mail.fazio.com",
                            "health_check_id": "",
                            "id": "Z3HLPFWVVNMRSH_mail.fazio.com_A",
                            "name": "mail.fazio.com",
                            "records.#": "1",
                            "records.2593531655": "10.0.0.14",
                            "set_identifier": "",
                            "ttl": "300",
                            "type": "A",
                            "zone_id": "Z3HLPFWVVNMRSH"
                        },
                        "meta": {
                            "schema_version": "2"
                        },
                        "tainted": false
                    },
                    "deposed": [],
                    "provider": ""
                },
                "aws_route53_record.webapp": {
                    "type": "aws_route53_record",
                    "depends_on": [
                        "aws_instance.webapp",
                        "aws_route53_zone.terraform"
                    ],
                    "primary": {
                        "id": "Z3HLPFWVVNMRSH_webapp.fazio.com_A",
                        "attributes": {
                            "fqdn": "webapp.fazio.com",
                            "health_check_id": "",
                            "id": "Z3HLPFWVVNMRSH_webapp.fazio.com_A",
                            "name": "webapp.fazio.com",
                            "records.#": "1",
                            "records.3985708945": "10.0.0.15",
                            "set_identifier": "",
                            "ttl": "300",
                            "type": "A",
                            "zone_id": "Z3HLPFWVVNMRSH"
                        },
                        "meta": {
                            "schema_version": "2"
                        },
                        "tainted": false
                    },
                    "deposed": [],
                    "provider": ""
                },
                "aws_route53_zone.terraform": {
                    "type": "aws_route53_zone",
                    "depends_on": [
                        "aws_vpc.terraform"
                    ],
                    "primary": {
                        "id": "Z3HLPFWVVNMRSH",
                        "attributes": {
                            "comment": "Managed by Terraform",
                            "force_destroy": "false",
                            "id": "Z3HLPFWVVNMRSH",
                            "name": "fazio.com",
                            "name_servers.#": "4",
                            "name_servers.0": "ns-0.awsdns-00.com.",
                            "name_servers.1": "ns-1024.awsdns-00.org.",
                            "name_servers.2": "ns-1536.awsdns-00.co.uk.",
                            "name_servers.3": "ns-512.awsdns-00.net.",
                            "tags.%": "0",
                            "vpc_id": "vpc-840edffd",
                            "vpc_region": "us-east-1",
                            "zone_id": "Z3HLPFWVVNMRSH"
                        },
                        "meta": {},
                        "tainted": false
                    },
                    "deposed": [],
                    "provider": ""
                },
                "aws_route_table.terraform": {
                    "type": "aws_route_table",
                    "depends_on": [
                        "aws_internet_gateway.terraform",
                        "aws_vpc.terraform"
                    ],
                    "primary": {
                        "id": "rtb-6f63f417",
                        "attributes": {
                            "id": "rtb-6f63f417",
                            "propagating_vgws.#": "0",
                            "route.#": "1",
                            "route.3173940644.cidr_block": "0.0.0.0/0",
                            "route.3173940644.egress_only_gateway_id": "",
                            "route.3173940644.gateway_id": "igw-0ddf526b",
                            "route.3173940644.instance_id": "",
                            "route.3173940644.ipv6_cidr_block": "",
                            "route.3173940644.nat_gateway_id": "",
                            "route.3173940644.network_interface_id": "",
                            "route.3173940644.vpc_peering_connection_id": "",
                            "tags.%": "0",
                            "vpc_id": "vpc-840edffd"
                        },
                        "meta": {},
                        "tainted": false
                    },
                    "deposed": [],
                    "provider": ""
                },
                "aws_route_table_association.terraform": {
                    "type": "aws_route_table_association",
                    "depends_on": [
                        "aws_route_table.terraform",
                        "aws_subnet.terraform"
                    ],
                    "primary": {
                        "id": "rtbassoc-2ecabd55",
                        "attributes": {
                            "id": "rtbassoc-2ecabd55",
                            "route_table_id": "rtb-6f63f417",
                            "subnet_id": "subnet-d3538289"
                        },
                        "meta": {},
                        "tainted": false
                    },
                    "deposed": [],
                    "provider": ""
                },
                "aws_security_group.terraform": {
                    "type": "aws_security_group",
                    "depends_on": [
                        "aws_vpc.terraform"
                    ],
                    "primary": {
                        "id": "sg-124b4e6c",
                        "attributes": {
                            "description": "allow all traffic",
                            "egress.#": "1",
                            "egress.482069346.cidr_blocks.#": "1",
                            "egress.482069346.cidr_blocks.0": "0.0.0.0/0",
                            "egress.482069346.from_port": "0",
                            "egress.482069346.ipv6_cidr_blocks.#": "0",
                            "egress.482069346.prefix_list_ids.#": "0",
                            "egress.482069346.protocol": "-1",
                            "egress.482069346.security_groups.#": "0",
                            "egress.482069346.self": "false",
                            "egress.482069346.to_port": "0",
                            "id": "sg-124b4e6c",
                            "ingress.#": "1",
                            "ingress.482069346.cidr_blocks.#": "1",
                            "ingress.482069346.cidr_blocks.0": "0.0.0.0/0",
                            "ingress.482069346.from_port": "0",
                            "ingress.482069346.ipv6_cidr_blocks.#": "0",
                            "ingress.482069346.protocol": "-1",
                            "ingress.482069346.security_groups.#": "0",
                            "ingress.482069346.self": "false",
                            "ingress.482069346.to_port": "0",
                            "name": "terraform",
                            "owner_id": "343713926005",
                            "tags.%": "0",
                            "vpc_id": "vpc-840edffd"
                        },
                        "meta": {},
                        "tainted": false
                    },
                    "deposed": [],
                    "provider": ""
                },
                "aws_subnet.terraform": {
                    "type": "aws_subnet",
                    "depends_on": [
                        "aws_vpc.terraform"
                    ],
                    "primary": {
                        "id": "subnet-d3538289",
                        "attributes": {
                            "assign_ipv6_address_on_creation": "false",
                            "availability_zone": "us-east-1d",
                            "cidr_block": "10.0.0.0/24",
                            "id": "subnet-d3538289",
                            "map_public_ip_on_launch": "false",
                            "tags.%": "0",
                            "vpc_id": "vpc-840edffd"
                        },
                        "meta": {
                            "schema_version": "1"
                        },
                        "tainted": false
                    },
                    "deposed": [],
                    "provider": ""
                },
                "aws_vpc.terraform": {
                    "type": "aws_vpc",
                    "depends_on": [],
                    "primary": {
                        "id": "vpc-840edffd",
                        "attributes": {
                            "assign_generated_ipv6_cidr_block": "false",
                            "cidr_block": "10.0.0.0/16",
                            "default_network_acl_id": "acl-3f097a46",
                            "default_route_table_id": "rtb-e862f590",
                            "default_security_group_id": "sg-a84e4bd6",
                            "dhcp_options_id": "dopt-84abdce3",
                            "enable_classiclink": "false",
                            "enable_dns_hostnames": "true",
                            "enable_dns_support": "true",
                            "id": "vpc-840edffd",
                            "instance_tenancy": "default",
                            "main_route_table_id": "rtb-e862f590",
                            "tags.%": "0"
                        },
                        "meta": {
                            "schema_version": "1"
                        },
                        "tainted": false
                    },
                    "deposed": [],
                    "provider": ""
                }
            },
            "depends_on": []
        }
    ]
}
