{
    "version": 3,
    "terraform_version": "0.9.6",
    "serial": 146,
    "lineage": "53c0f3eb-5080-4b3f-9a92-91f40039b908",
    "modules": [
        {
            "path": [
                "root"
            ],
            "outputs": {},
            "resources": {
                "aws_instance.ansible": {
                    "type": "aws_instance",
                    "depends_on": [
                        "aws_instance.demo",
                        "aws_instance.elk",
                        "aws_security_group.terraform",
                        "aws_subnet.control"
                    ],
                    "primary": {
                        "id": "i-04a2452c967c4e731",
                        "attributes": {
                            "ami": "ami-f4cc1de2",
                            "associate_public_ip_address": "true",
                            "availability_zone": "us-east-1e",
                            "disable_api_termination": "false",
                            "ebs_block_device.#": "0",
                            "ebs_optimized": "false",
                            "ephemeral_block_device.#": "0",
                            "iam_instance_profile": "",
                            "id": "i-04a2452c967c4e731",
                            "instance_state": "running",
                            "instance_type": "t2.medium",
                            "ipv6_addresses.#": "0",
                            "key_name": "terraform",
                            "monitoring": "false",
                            "network_interface.#": "0",
                            "network_interface_id": "eni-a9160ba7",
                            "primary_network_interface_id": "eni-a9160ba7",
                            "private_dns": "ip-10-0-0-10.ec2.internal",
                            "private_ip": "10.0.0.10",
                            "public_dns": "ec2-34-207-63-61.compute-1.amazonaws.com",
                            "public_ip": "34.207.63.61",
                            "root_block_device.#": "1",
                            "root_block_device.0.delete_on_termination": "true",
                            "root_block_device.0.iops": "100",
                            "root_block_device.0.volume_size": "8",
                            "root_block_device.0.volume_type": "gp2",
                            "security_groups.#": "0",
                            "source_dest_check": "true",
                            "subnet_id": "subnet-8f0124b3",
                            "tags.%": "0",
                            "tenancy": "default",
                            "volume_tags.%": "0",
                            "vpc_security_group_ids.#": "1",
                            "vpc_security_group_ids.3104390363": "sg-5558702b"
                        },
                        "meta": {
                            "e2bfb730-ecaa-11e6-8f88-34363bc7c4c0": {
                                "create": 600000000000,
                                "delete": 600000000000,
                                "update": 600000000000
                            },
                            "schema_version": "1"
                        },
                        "tainted": false
                    },
                    "deposed": [],
                    "provider": ""
                },
                "aws_instance.demo": {
                    "type": "aws_instance",
                    "depends_on": [
                        "aws_security_group.terraform",
                        "aws_subnet.control"
                    ],
                    "primary": {
                        "id": "i-06a8613a5995a5aca",
                        "attributes": {
                            "ami": "ami-f4cc1de2",
                            "associate_public_ip_address": "true",
                            "availability_zone": "us-east-1e",
                            "disable_api_termination": "false",
                            "ebs_block_device.#": "0",
                            "ebs_optimized": "false",
                            "ephemeral_block_device.#": "0",
                            "iam_instance_profile": "",
                            "id": "i-06a8613a5995a5aca",
                            "instance_state": "running",
                            "instance_type": "t2.medium",
                            "ipv6_addresses.#": "0",
                            "key_name": "terraform",
                            "monitoring": "false",
                            "network_interface.#": "0",
                            "network_interface_id": "eni-a51409ab",
                            "primary_network_interface_id": "eni-a51409ab",
                            "private_dns": "ip-10-0-0-12.ec2.internal",
                            "private_ip": "10.0.0.12",
                            "public_dns": "ec2-52-91-182-227.compute-1.amazonaws.com",
                            "public_ip": "52.91.182.227",
                            "root_block_device.#": "1",
                            "root_block_device.0.delete_on_termination": "true",
                            "root_block_device.0.iops": "100",
                            "root_block_device.0.volume_size": "8",
                            "root_block_device.0.volume_type": "gp2",
                            "security_groups.#": "0",
                            "source_dest_check": "true",
                            "subnet_id": "subnet-8f0124b3",
                            "tags.%": "0",
                            "tenancy": "default",
                            "volume_tags.%": "0",
                            "vpc_security_group_ids.#": "1",
                            "vpc_security_group_ids.3104390363": "sg-5558702b"
                        },
                        "meta": {
                            "e2bfb730-ecaa-11e6-8f88-34363bc7c4c0": {
                                "create": 600000000000,
                                "delete": 600000000000,
                                "update": 600000000000
                            },
                            "schema_version": "1"
                        },
                        "tainted": false
                    },
                    "deposed": [],
                    "provider": ""
                },
                "aws_instance.dns": {
                    "type": "aws_instance",
                    "depends_on": [
                        "aws_security_group.terraform",
                        "aws_subnet.control"
                    ],
                    "primary": {
                        "id": "i-0b0e21d4dc3e7f40c",
                        "attributes": {
                            "ami": "ami-f4cc1de2",
                            "associate_public_ip_address": "true",
                            "availability_zone": "us-east-1e",
                            "disable_api_termination": "false",
                            "ebs_block_device.#": "0",
                            "ebs_optimized": "false",
                            "ephemeral_block_device.#": "0",
                            "iam_instance_profile": "",
                            "id": "i-0b0e21d4dc3e7f40c",
                            "instance_state": "running",
                            "instance_type": "t2.medium",
                            "ipv6_addresses.#": "0",
                            "key_name": "terraform",
                            "monitoring": "false",
                            "network_interface.#": "0",
                            "network_interface_id": "eni-a41409aa",
                            "primary_network_interface_id": "eni-a41409aa",
                            "private_dns": "ip-10-0-0-13.ec2.internal",
                            "private_ip": "10.0.0.13",
                            "public_dns": "ec2-54-89-108-104.compute-1.amazonaws.com",
                            "public_ip": "54.89.108.104",
                            "root_block_device.#": "1",
                            "root_block_device.0.delete_on_termination": "true",
                            "root_block_device.0.iops": "100",
                            "root_block_device.0.volume_size": "8",
                            "root_block_device.0.volume_type": "gp2",
                            "security_groups.#": "0",
                            "source_dest_check": "true",
                            "subnet_id": "subnet-8f0124b3",
                            "tags.%": "0",
                            "tenancy": "default",
                            "volume_tags.%": "0",
                            "vpc_security_group_ids.#": "1",
                            "vpc_security_group_ids.3104390363": "sg-5558702b"
                        },
                        "meta": {
                            "e2bfb730-ecaa-11e6-8f88-34363bc7c4c0": {
                                "create": 600000000000,
                                "delete": 600000000000,
                                "update": 600000000000
                            },
                            "schema_version": "1"
                        },
                        "tainted": false
                    },
                    "deposed": [],
                    "provider": ""
                },
                "aws_instance.elk": {
                    "type": "aws_instance",
                    "depends_on": [
                        "aws_security_group.terraform",
                        "aws_subnet.control"
                    ],
                    "primary": {
                        "id": "i-0df583ce9eb76a95b",
                        "attributes": {
                            "ami": "ami-f4cc1de2",
                            "associate_public_ip_address": "true",
                            "availability_zone": "us-east-1e",
                            "disable_api_termination": "false",
                            "ebs_block_device.#": "0",
                            "ebs_optimized": "false",
                            "ephemeral_block_device.#": "0",
                            "iam_instance_profile": "",
                            "id": "i-0df583ce9eb76a95b",
                            "instance_state": "running",
                            "instance_type": "t2.xlarge",
                            "ipv6_addresses.#": "0",
                            "key_name": "terraform",
                            "monitoring": "false",
                            "network_interface.#": "0",
                            "network_interface_id": "eni-95160b9b",
                            "primary_network_interface_id": "eni-95160b9b",
                            "private_dns": "ip-10-0-0-11.ec2.internal",
                            "private_ip": "10.0.0.11",
                            "public_dns": "ec2-52-205-98-205.compute-1.amazonaws.com",
                            "public_ip": "52.205.98.205",
                            "root_block_device.#": "1",
                            "root_block_device.0.delete_on_termination": "true",
                            "root_block_device.0.iops": "100",
                            "root_block_device.0.volume_size": "8",
                            "root_block_device.0.volume_type": "gp2",
                            "security_groups.#": "0",
                            "source_dest_check": "true",
                            "subnet_id": "subnet-8f0124b3",
                            "tags.%": "0",
                            "tenancy": "default",
                            "volume_tags.%": "0",
                            "vpc_security_group_ids.#": "1",
                            "vpc_security_group_ids.3104390363": "sg-5558702b"
                        },
                        "meta": {
                            "e2bfb730-ecaa-11e6-8f88-34363bc7c4c0": {
                                "create": 600000000000,
                                "delete": 600000000000,
                                "update": 600000000000
                            },
                            "schema_version": "1"
                        },
                        "tainted": false
                    },
                    "deposed": [],
                    "provider": ""
                },
                "aws_instance.mail": {
                    "type": "aws_instance",
                    "depends_on": [
                        "aws_security_group.terraform",
                        "aws_subnet.control"
                    ],
                    "primary": {
                        "id": "i-0f9996628b24a10eb",
                        "attributes": {
                            "ami": "ami-f4cc1de2",
                            "associate_public_ip_address": "true",
                            "availability_zone": "us-east-1e",
                            "disable_api_termination": "false",
                            "ebs_block_device.#": "0",
                            "ebs_optimized": "false",
                            "ephemeral_block_device.#": "0",
                            "iam_instance_profile": "",
                            "id": "i-0f9996628b24a10eb",
                            "instance_state": "running",
                            "instance_type": "t2.medium",
                            "ipv6_addresses.#": "0",
                            "key_name": "terraform",
                            "monitoring": "false",
                            "network_interface.#": "0",
                            "network_interface_id": "eni-2f170a21",
                            "primary_network_interface_id": "eni-2f170a21",
                            "private_dns": "ip-10-0-0-14.ec2.internal",
                            "private_ip": "10.0.0.14",
                            "public_dns": "ec2-54-236-48-104.compute-1.amazonaws.com",
                            "public_ip": "54.236.48.104",
                            "root_block_device.#": "1",
                            "root_block_device.0.delete_on_termination": "true",
                            "root_block_device.0.iops": "100",
                            "root_block_device.0.volume_size": "8",
                            "root_block_device.0.volume_type": "gp2",
                            "security_groups.#": "0",
                            "source_dest_check": "true",
                            "subnet_id": "subnet-8f0124b3",
                            "tags.%": "0",
                            "tenancy": "default",
                            "volume_tags.%": "0",
                            "vpc_security_group_ids.#": "1",
                            "vpc_security_group_ids.3104390363": "sg-5558702b"
                        },
                        "meta": {
                            "e2bfb730-ecaa-11e6-8f88-34363bc7c4c0": {
                                "create": 600000000000,
                                "delete": 600000000000,
                                "update": 600000000000
                            },
                            "schema_version": "1"
                        },
                        "tainted": false
                    },
                    "deposed": [],
                    "provider": ""
                },
                "aws_security_group.terraform": {
                    "type": "aws_security_group",
                    "depends_on": [],
                    "primary": {
                        "id": "sg-5558702b",
                        "attributes": {
                            "description": "Allow all traffic",
                            "egress.#": "1",
                            "egress.482069346.cidr_blocks.#": "1",
                            "egress.482069346.cidr_blocks.0": "0.0.0.0/0",
                            "egress.482069346.from_port": "0",
                            "egress.482069346.ipv6_cidr_blocks.#": "0",
                            "egress.482069346.prefix_list_ids.#": "0",
                            "egress.482069346.protocol": "-1",
                            "egress.482069346.security_groups.#": "0",
                            "egress.482069346.self": "false",
                            "egress.482069346.to_port": "0",
                            "id": "sg-5558702b",
                            "ingress.#": "1",
                            "ingress.482069346.cidr_blocks.#": "1",
                            "ingress.482069346.cidr_blocks.0": "0.0.0.0/0",
                            "ingress.482069346.from_port": "0",
                            "ingress.482069346.ipv6_cidr_blocks.#": "0",
                            "ingress.482069346.protocol": "-1",
                            "ingress.482069346.security_groups.#": "0",
                            "ingress.482069346.self": "false",
                            "ingress.482069346.to_port": "0",
                            "name": "terraform",
                            "owner_id": "343713926005",
                            "tags.%": "0",
                            "vpc_id": "vpc-17d6d271"
                        },
                        "meta": {},
                        "tainted": false
                    },
                    "deposed": [],
                    "provider": ""
                },
                "aws_subnet.control": {
                    "type": "aws_subnet",
                    "depends_on": [],
                    "primary": {
                        "id": "subnet-8f0124b3",
                        "attributes": {
                            "assign_ipv6_address_on_creation": "false",
                            "availability_zone": "us-east-1e",
                            "cidr_block": "10.0.0.0/24",
                            "id": "subnet-8f0124b3",
                            "map_public_ip_on_launch": "false",
                            "tags.%": "0",
                            "vpc_id": "vpc-17d6d271"
                        },
                        "meta": {
                            "schema_version": "1"
                        },
                        "tainted": false
                    },
                    "deposed": [],
                    "provider": ""
                }
            },
            "depends_on": []
        }
    ]
}
